// !$*UTF8*$!
{
	archiveVersion = 1;
	classes = {
	};
	objectVersion = 46;
	objects = {

/* Begin PBXBuildFile section */
		681788181B5EA67800CD527C /* AppDelegate.swift in Sources */ = {isa = PBXBuildFile; fileRef = 681788171B5EA67800CD527C /* AppDelegate.swift */; };
		6817881A1B5EA67800CD527C /* ViewController.swift in Sources */ = {isa = PBXBuildFile; fileRef = 681788191B5EA67800CD527C /* ViewController.swift */; };
		6817881D1B5EA67800CD527C /* Main.storyboard in Resources */ = {isa = PBXBuildFile; fileRef = 6817881B1B5EA67800CD527C /* Main.storyboard */; };
		6817881F1B5EA67800CD527C /* Images.xcassets in Resources */ = {isa = PBXBuildFile; fileRef = 6817881E1B5EA67800CD527C /* Images.xcassets */; };
		681788221B5EA67800CD527C /* LaunchScreen.xib in Resources */ = {isa = PBXBuildFile; fileRef = 681788201B5EA67800CD527C /* LaunchScreen.xib */; };
		6817882E1B5EA67800CD527C /* TableViewTests.swift in Sources */ = {isa = PBXBuildFile; fileRef = 6817882D1B5EA67800CD527C /* TableViewTests.swift */; };
/* End PBXBuildFile section */

/* Begin PBXContainerItemProxy section */
		681788281B5EA67800CD527C /* PBXContainerItemProxy */ = {
			isa = PBXContainerItemProxy;
			containerPortal = 6817880A1B5EA67800CD527C /* Project object */;
			proxyType = 1;
			remoteGlobalIDString = 681788111B5EA67800CD527C;
			remoteInfo = TableView;
		};
/* End PBXContainerItemProxy section */

/* Begin PBXFileReference section */
		681788121B5EA67800CD527C /* TableView.app */ = {isa = PBXFileReference; explicitFileType = wrapper.application; includeInIndex = 0; path = TableView.app; sourceTree = BUILT_PRODUCTS_DIR; };
		681788161B5EA67800CD527C /* Info.plist */ = {isa = PBXFileReference; lastKnownFileType = text.plist.xml; path = Info.plist; sourceTree = "<group>"; };
		681788171B5EA67800CD527C /* AppDelegate.swift */ = {isa = PBXFileReference; lastKnownFileType = sourcecode.swift; path = AppDelegate.swift; sourceTree = "<group>"; };
		681788191B5EA67800CD527C /* ViewController.swift */ = {isa = PBXFileReference; lastKnownFileType = sourcecode.swift; path = ViewController.swift; sourceTree = "<group>"; };
		6817881C1B5EA67800CD527C /* Base */ = {isa = PBXFileReference; lastKnownFileType = file.storyboard; name = Base; path = Base.lproj/Main.storyboard; sourceTree = "<group>"; };
		6817881E1B5EA67800CD527C /* Images.xcassets */ = {isa = PBXFileReference; lastKnownFileType = folder.assetcatalog; path = Images.xcassets; sourceTree = "<group>"; };
		681788211B5EA67800CD527C /* Base */ = {isa = PBXFileReference; lastKnownFileType = file.xib; name = Base; path = Base.lproj/LaunchScreen.xib; sourceTree = "<group>"; };
		681788271B5EA67800CD527C /* TableViewTests.xctest */ = {isa = PBXFileReference; explicitFileType = wrapper.cfbundle; includeInIndex = 0; path = TableViewTests.xctest; sourceTree = BUILT_PRODUCTS_DIR; };
		6817882C1B5EA67800CD527C /* Info.plist */ = {isa = PBXFileReference; lastKnownFileType = text.plist.xml; path = Info.plist; sourceTree = "<group>"; };
		6817882D1B5EA67800CD527C /* TableViewTests.swift */ = {isa = PBXFileReference; lastKnownFileType = sourcecode.swift; path = TableViewTests.swift; sourceTree = "<group>"; };
/* End PBXFileReference section */

/* Begin PBXFrameworksBuildPhase section */
		6817880F1B5EA67800CD527C /* Frameworks */ = {
			isa = PBXFrameworksBuildPhase;
			buildActionMask = 2147483647;
			files = (
			);
			runOnlyForDeploymentPostprocessing = 0;
		};
		681788241B5EA67800CD527C /* Frameworks */ = {
			isa = PBXFrameworksBuildPhase;
			buildActionMask = 2147483647;
			files = (
			);
			runOnlyForDeploymentPostprocessing = 0;
		};
/* End PBXFrameworksBuildPhase section */

/* Begin PBXGroup section */
		681788091B5EA67800CD527C = {
			isa = PBXGroup;
			children = (
				681788141B5EA67800CD527C /* TableView */,
				6817882A1B5EA67800CD527C /* TableViewTests */,
				681788131B5EA67800CD527C /* Products */,
			);
			sourceTree = "<group>";
		};
		681788131B5EA67800CD527C /* Products */ = {
			isa = PBXGroup;
			children = (
				681788121B5EA67800CD527C /* TableView.app */,
				681788271B5EA67800CD527C /* TableViewTests.xctest */,
			);
			name = Products;
			sourceTree = "<group>";
		};
		681788141B5EA67800CD527C /* TableView */ = {
			isa = PBXGroup;
			children = (
				681788171B5EA67800CD527C /* AppDelegate.swift */,
				681788191B5EA67800CD527C /* ViewController.swift */,
				6817881B1B5EA67800CD527C /* Main.storyboard */,
				6817881E1B5EA67800CD527C /* Images.xcassets */,
				681788201B5EA67800CD527C /* LaunchScreen.xib */,
				681788151B5EA67800CD527C /* Supporting Files */,
			);
			path = TableView;
			sourceTree = "<group>";
		};
		681788151B5EA67800CD527C /* Supporting Files */ = {
			isa = PBXGroup;
			children = (
				681788161B5EA67800CD527C /* Info.plist */,
			);
			name = "Supporting Files";
			sourceTree = "<group>";
		};
		6817882A1B5EA67800CD527C /* TableViewTests */ = {
			isa = PBXGroup;
			children = (
				6817882D1B5EA67800CD527C /* TableViewTests.swift */,
				6817882B1B5EA67800CD527C /* Supporting Files */,
			);
			path = TableViewTests;
			sourceTree = "<group>";
		};
		6817882B1B5EA67800CD527C /* Supporting Files */ = {
			isa = PBXGroup;
			children = (
				6817882C1B5EA67800CD527C /* Info.plist */,
			);
			name = "Supporting Files";
			sourceTree = "<group>";
		};
/* End PBXGroup section */

/* Begin PBXNativeTarget section */
		681788111B5EA67800CD527C /* TableView */ = {
			isa = PBXNativeTarget;
			buildConfigurationList = 681788311B5EA67800CD527C /* Build configuration list for PBXNativeTarget "TableView" */;
			buildPhases = (
				6817880E1B5EA67800CD527C /* Sources */,
				6817880F1B5EA67800CD527C /* Frameworks */,
				681788101B5EA67800CD527C /* Resources */,
			);
			buildRules = (
			);
			dependencies = (
			);
			name = TableView;
			productName = TableView;
			productReference = 681788121B5EA67800CD527C /* TableView.app */;
			productType = "com.apple.product-type.application";
		};
		681788261B5EA67800CD527C /* TableViewTests */ = {
			isa = PBXNativeTarget;
			buildConfigurationList = 681788341B5EA67800CD527C /* Build configuration list for PBXNativeTarget "TableViewTests" */;
			buildPhases = (
				681788231B5EA67800CD527C /* Sources */,
				681788241B5EA67800CD527C /* Frameworks */,
				681788251B5EA67800CD527C /* Resources */,
			);
			buildRules = (
			);
			dependencies = (
				681788291B5EA67800CD527C /* PBXTargetDependency */,
			);
			name = TableViewTests;
			productName = TableViewTests;
			productReference = 681788271B5EA67800CD527C /* TableViewTests.xctest */;
			productType = "com.apple.product-type.bundle.unit-test";
		};
/* End PBXNativeTarget section */

/* Begin PBXProject section */
		6817880A1B5EA67800CD527C /* Project object */ = {
			isa = PBXProject;
			attributes = {
				LastUpgradeCheck = 0640;
				ORGANIZATIONNAME = "Secret Lab";
				TargetAttributes = {
					681788111B5EA67800CD527C = {
						CreatedOnToolsVersion = 6.4;
					};
					681788261B5EA67800CD527C = {
						CreatedOnToolsVersion = 6.4;
						TestTargetID = 681788111B5EA67800CD527C;
					};
				};
			};
			buildConfigurationList = 6817880D1B5EA67800CD527C /* Build configuration list for PBXProject "TableView" */;
			compatibilityVersion = "Xcode 3.2";
			developmentRegion = English;
			hasScannedForEncodings = 0;
			knownRegions = (
				en,
				Base,
			);
			mainGroup = 681788091B5EA67800CD527C;
			productRefGroup = 681788131B5EA67800CD527C /* Products */;
			projectDirPath = "";
			projectRoot = "";
			targets = (
				681788111B5EA67800CD527C /* TableView */,
				681788261B5EA67800CD527C /* TableViewTests */,
			);
		};
/* End PBXProject section */

/* Begin PBXResourcesBuildPhase section */
		681788101B5EA67800CD527C /* Resources */ = {
			isa = PBXResourcesBuildPhase;
			buildActionMask = 2147483647;
			files = (
				6817881D1B5EA67800CD527C /* Main.storyboard in Resources */,
				681788221B5EA67800CD527C /* LaunchScreen.xib in Resources */,
				6817881F1B5EA67800CD527C /* Images.xcassets in Resources */,
			);
			runOnlyForDeploymentPostprocessing = 0;
		};
		681788251B5EA67800CD527C /* Resources */ = {
			isa = PBXResourcesBuildPhase;
			buildActionMask = 2147483647;
			files = (
			);
			runOnlyForDeploymentPostprocessing = 0;
		};
/* End PBXResourcesBuildPhase section */

/* Begin PBXSourcesBuildPhase section */
		6817880E1B5EA67800CD527C /* Sources */ = {
			isa = PBXSourcesBuildPhase;
			buildActionMask = 2147483647;
			files = (
				6817881A1B5EA67800CD527C /* ViewController.swift in Sources */,
				681788181B5EA67800CD527C /* AppDelegate.swift in Sources */,
			);
			runOnlyForDeploymentPostprocessing = 0;
		};
		681788231B5EA67800CD527C /* Sources */ = {
			isa = PBXSourcesBuildPhase;
			buildActionMask = 2147483647;
			files = (
				6817882E1B5EA67800CD527C /* TableViewTests.swift in Sources */,
			);
			runOnlyForDeploymentPostprocessing = 0;
		};
/* End PBXSourcesBuildPhase section */

/* Begin PBXTargetDependency section */
		681788291B5EA67800CD527C /* PBXTargetDependency */ = {
			isa = PBXTargetDependency;
			target = 681788111B5EA67800CD527C /* TableView */;
			targetProxy = 681788281B5EA67800CD527C /* PBXContainerItemProxy */;
		};
/* End PBXTargetDependency section */

/* Begin PBXVariantGroup section */
		6817881B1B5EA67800CD527C /* Main.storyboard */ = {
			isa = PBXVariantGroup;
			children = (
				6817881C1B5EA67800CD527C /* Base */,
			);
			name = Main.storyboard;
			sourceTree = "<group>";
		};
		681788201B5EA67800CD527C /* LaunchScreen.xib */ = {
			isa = PBXVariantGroup;
			children = (
				681788211B5EA67800CD527C /* Base */,
			);
			name = LaunchScreen.xib;
			sourceTree = "<group>";
		};
/* End PBXVariantGroup section */

/* Begin XCBuildConfiguration section */
		6817882F1B5EA67800CD527C /* Debug */ = {
			isa = XCBuildConfiguration;
			buildSettings = {
				ALWAYS_SEARCH_USER_PATHS = NO;
				CLANG_CXX_LANGUAGE_STANDARD = "gnu++0x";
				CLANG_CXX_LIBRARY = "libc++";
				CLANG_ENABLE_MODULES = YES;
				CLANG_ENABLE_OBJC_ARC = YES;
				CLANG_WARN_BOOL_CONVERSION = YES;
				CLANG_WARN_CONSTANT_CONVERSION = YES;
				CLANG_WARN_DIRECT_OBJC_ISA_USAGE = YES_ERROR;
				CLANG_WARN_EMPTY_BODY = YES;
				CLANG_WARN_ENUM_CONVERSION = YES;
				CLANG_WARN_INT_CONVERSION = YES;
				CLANG_WARN_OBJC_ROOT_CLASS = YES_ERROR;
				CLANG_WARN_UNREACHABLE_CODE = YES;
				CLANG_WARN__DUPLICATE_METHOD_MATCH = YES;
				"CODE_SIGN_IDENTITY[sdk=iphoneos*]" = "iPhone Developer";
				COPY_PHASE_STRIP = NO;
				DEBUG_INFORMATION_FORMAT = "dwarf-with-dsym";
				ENABLE_STRICT_OBJC_MSGSEND = YES;
				GCC_C_LANGUAGE_STANDARD = gnu99;
				GCC_DYNAMIC_NO_PIC = NO;
				GCC_NO_COMMON_BLOCKS = YES;
				GCC_OPTIMIZATION_LEVEL = 0;
				GCC_PREPROCESSOR_DEFINITIONS = (
					"DEBUG=1",
					"$(inherited)",
				);
				GCC_SYMBOLS_PRIVATE_EXTERN = NO;
				GCC_WARN_64_TO_32_BIT_CONVERSION = YES;
				GCC_WARN_ABOUT_RETURN_TYPE = YES_ERROR;
				GCC_WARN_UNDECLARED_SELECTOR = YES;
				GCC_WARN_UNINITIALIZED_AUTOS = YES_AGGRESSIVE;
				GCC_WARN_UNUSED_FUNCTION = YES;
				GCC_WARN_UNUSED_VARIABLE = YES;
				IPHONEOS_DEPLOYMENT_TARGET = 8.4;
				MTL_ENABLE_DEBUG_INFO = YES;
				ONLY_ACTIVE_ARCH = YES;
				SDKROOT = iphoneos;
				SWIFT_OPTIMIZATION_LEVEL = "-Onone";
			};
			name = Debug;
		};
		681788301B5EA67800CD527C /* Release */ = {
			isa = XCBuildConfiguration;
			buildSettings = {
				ALWAYS_SEARCH_USER_PATHS = NO;
				CLANG_CXX_LANGUAGE_STANDARD = "gnu++0x";
				CLANG_CXX_LIBRARY = "libc++";
				CLANG_ENABLE_MODULES = YES;
				CLANG_ENABLE_OBJC_ARC = YES;
				CLANG_WARN_BOOL_CONVERSION = YES;
				CLANG_WARN_CONSTANT_CONVERSION = YES;
				CLANG_WARN_DIRECT_OBJC_ISA_USAGE = YES_ERROR;
				CLANG_WARN_EMPTY_BODY = YES;
				CLANG_WARN_ENUM_CONVERSION = YES;
				CLANG_WARN_INT_CONVERSION = YES;
				CLANG_WARN_OBJC_ROOT_CLASS = YES_ERROR;
				CLANG_WARN_UNREACHABLE_CODE = YES;
				CLANG_WARN__DUPLICATE_METHOD_MATCH = YES;
				"CODE_SIGN_IDENTITY[sdk=iphoneos*]" = "iPhone Developer";
				COPY_PHASE_STRIP = NO;
				DEBUG_INFORMATION_FORMAT = "dwarf-with-dsym";
				ENABLE_NS_ASSERTIONS = NO;
				ENABLE_STRICT_OBJC_MSGSEND = YES;
				GCC_C_LANGUAGE_STANDARD = gnu99;
				GCC_NO_COMMON_BLOCKS = YES;
				GCC_WARN_64_TO_32_BIT_CONVERSION = YES;
				GCC_WARN_ABOUT_RETURN_TYPE = YES_ERROR;
				GCC_WARN_UNDECLARED_SELECTOR = YES;
				GCC_WARN_UNINITIALIZED_AUTOS = YES_AGGRESSIVE;
				GCC_WARN_UNUSED_FUNCTION = YES;
				GCC_WARN_UNUSED_VARIABLE = YES;
				IPHONEOS_DEPLOYMENT_TARGET = 8.4;
				MTL_ENABLE_DEBUG_INFO = NO;
				SDKROOT = iphoneos;
				VALIDATE_PRODUCT = YES;
			};
			name = Release;
		};
		681788321B5EA67800CD527C /* Debug */ = {
			isa = XCBuildConfiguration;
			buildSettings = {
				ASSETCATALOG_COMPILER_APPICON_NAME = AppIcon;
				INFOPLIST_FILE = TableView/Info.plist;
				LD_RUNPATH_SEARCH_PATHS = "$(inherited) @executable_path/Frameworks";
				PRODUCT_NAME = "$(TARGET_NAME)";
			};
			name = Debug;
		};
		681788331B5EA67800CD527C /* Release */ = {
			isa = XCBuildConfiguration;
			buildSettings = {
				ASSETCATALOG_COMPILER_APPICON_NAME = AppIcon;
				INFOPLIST_FILE = TableView/Info.plist;
				LD_RUNPATH_SEARCH_PATHS = "$(inherited) @executable_path/Frameworks";
				PRODUCT_NAME = "$(TARGET_NAME)";
			};
			name = Release;
		};
		681788351B5EA67800CD527C /* Debug */ = {
			isa = XCBuildConfiguration;
			buildSettings = {
				BUNDLE_LOADER = "$(TEST_HOST)";
				FRAMEWORK_SEARCH_PATHS = (
					"$(SDKROOT)/Developer/Library/Frameworks",
					"$(inherited)",
				);
				GCC_PREPROCESSOR_DEFINITIONS = (
					"DEBUG=1",
					"$(inherited)",
				);
				INFOPLIST_FILE = TableViewTests/Info.plist;
				LD_RUNPATH_SEARCH_PATHS = "$(inherited) @executable_path/Frameworks @loader_path/Frameworks";
				PRODUCT_NAME = "$(TARGET_NAME)";
				TEST_HOST = "$(BUILT_PRODUCTS_DIR)/TableView.app/TableView";
			};
			name = Debug;
		};
		681788361B5EA67800CD527C /* Release */ = {
			isa = XCBuildConfiguration;
			buildSettings = {
				BUNDLE_LOADER = "$(TEST_HOST)";
				FRAMEWORK_SEARCH_PATHS = (
					"$(SDKROOT)/Developer/Library/Frameworks",
					"$(inherited)",
				);
				INFOPLIST_FILE = TableViewTests/Info.plist;
				LD_RUNPATH_SEARCH_PATHS = "$(inherited) @executable_path/Frameworks @loader_path/Frameworks";
				PRODUCT_NAME = "$(TARGET_NAME)";
				TEST_HOST = "$(BUILT_PRODUCTS_DIR)/TableView.app/TableView";
			};
			name = Release;
		};
/* End XCBuildConfiguration section */

/* Begin XCConfigurationList section */
		6817880D1B5EA67800CD527C /* Build configuration list for PBXProject "TableView" */ = {
			isa = XCConfigurationList;
			buildConfigurations = (
				6817882F1B5EA67800CD527C /* Debug */,
				681788301B5EA67800CD527C /* Release */,
			);
			defaultConfigurationIsVisible = 0;
			defaultConfigurationName = Release;
		};
		681788311B5EA67800CD527C /* Build configuration list for PBXNativeTarget "TableView" */ = {
			isa = XCConfigurationList;
			buildConfigurations = (
				681788321B5EA67800CD527C /* Debug */,
				681788331B5EA67800CD527C /* Release */,
			);
			defaultConfigurationIsVisible = 0;
		};
		681788341B5EA67800CD527C /* Build configuration list for PBXNativeTarget "TableViewTests" */ = {
			isa = XCConfigurationList;
			buildConfigurations = (
				681788351B5EA67800CD527C /* Debug */,
				681788361B5EA67800CD527C /* Release */,
			);
			defaultConfigurationIsVisible = 0;
		};
/* End XCConfigurationList section */
	};
	rootObject = 6817880A1B5EA67800CD527C /* Project object */;
}
