// !$*UTF8*$!
{
	archiveVersion = 1;
	classes = {
	};
	objectVersion = 46;
	objects = {

/* Begin PBXBuildFile section */
		681788D01B5EC99F00CD527C /* AppDelegate.swift in Sources */ = {isa = PBXBuildFile; fileRef = 681788CF1B5EC99F00CD527C /* AppDelegate.swift */; };
		681788D21B5EC99F00CD527C /* ViewController.swift in Sources */ = {isa = PBXBuildFile; fileRef = 681788D11B5EC99F00CD527C /* ViewController.swift */; };
		681788D51B5EC99F00CD527C /* Main.storyboard in Resources */ = {isa = PBXBuildFile; fileRef = 681788D31B5EC99F00CD527C /* Main.storyboard */; };
		681788D71B5EC99F00CD527C /* Images.xcassets in Resources */ = {isa = PBXBuildFile; fileRef = 681788D61B5EC99F00CD527C /* Images.xcassets */; };
		681788DA1B5EC99F00CD527C /* LaunchScreen.xib in Resources */ = {isa = PBXBuildFile; fileRef = 681788D81B5EC99F00CD527C /* LaunchScreen.xib */; };
		681788E61B5EC99F00CD527C /* FingerPrintScannerTests.swift in Sources */ = {isa = PBXBuildFile; fileRef = 681788E51B5EC99F00CD527C /* FingerPrintScannerTests.swift */; };
/* End PBXBuildFile section */

/* Begin PBXContainerItemProxy section */
		681788E01B5EC99F00CD527C /* PBXContainerItemProxy */ = {
			isa = PBXContainerItemProxy;
			containerPortal = 681788C21B5EC99F00CD527C /* Project object */;
			proxyType = 1;
			remoteGlobalIDString = 681788C91B5EC99F00CD527C;
			remoteInfo = FingerPrintScanner;
		};
/* End PBXContainerItemProxy section */

/* Begin PBXFileReference section */
		681788CA1B5EC99F00CD527C /* FingerPrintScanner.app */ = {isa = PBXFileReference; explicitFileType = wrapper.application; includeInIndex = 0; path = FingerPrintScanner.app; sourceTree = BUILT_PRODUCTS_DIR; };
		681788CE1B5EC99F00CD527C /* Info.plist */ = {isa = PBXFileReference; lastKnownFileType = text.plist.xml; path = Info.plist; sourceTree = "<group>"; };
		681788CF1B5EC99F00CD527C /* AppDelegate.swift */ = {isa = PBXFileReference; lastKnownFileType = sourcecode.swift; path = AppDelegate.swift; sourceTree = "<group>"; };
		681788D11B5EC99F00CD527C /* ViewController.swift */ = {isa = PBXFileReference; lastKnownFileType = sourcecode.swift; path = ViewController.swift; sourceTree = "<group>"; };
		681788D41B5EC99F00CD527C /* Base */ = {isa = PBXFileReference; lastKnownFileType = file.storyboard; name = Base; path = Base.lproj/Main.storyboard; sourceTree = "<group>"; };
		681788D61B5EC99F00CD527C /* Images.xcassets */ = {isa = PBXFileReference; lastKnownFileType = folder.assetcatalog; path = Images.xcassets; sourceTree = "<group>"; };
		681788D91B5EC99F00CD527C /* Base */ = {isa = PBXFileReference; lastKnownFileType = file.xib; name = Base; path = Base.lproj/LaunchScreen.xib; sourceTree = "<group>"; };
		681788DF1B5EC99F00CD527C /* FingerPrintScannerTests.xctest */ = {isa = PBXFileReference; explicitFileType = wrapper.cfbundle; includeInIndex = 0; path = FingerPrintScannerTests.xctest; sourceTree = BUILT_PRODUCTS_DIR; };
		681788E41B5EC99F00CD527C /* Info.plist */ = {isa = PBXFileReference; lastKnownFileType = text.plist.xml; path = Info.plist; sourceTree = "<group>"; };
		681788E51B5EC99F00CD527C /* FingerPrintScannerTests.swift */ = {isa = PBXFileReference; lastKnownFileType = sourcecode.swift; path = FingerPrintScannerTests.swift; sourceTree = "<group>"; };
/* End PBXFileReference section */

/* Begin PBXFrameworksBuildPhase section */
		681788C71B5EC99F00CD527C /* Frameworks */ = {
			isa = PBXFrameworksBuildPhase;
			buildActionMask = 2147483647;
			files = (
			);
			runOnlyForDeploymentPostprocessing = 0;
		};
		681788DC1B5EC99F00CD527C /* Frameworks */ = {
			isa = PBXFrameworksBuildPhase;
			buildActionMask = 2147483647;
			files = (
			);
			runOnlyForDeploymentPostprocessing = 0;
		};
/* End PBXFrameworksBuildPhase section */

/* Begin PBXGroup section */
		681788C11B5EC99F00CD527C = {
			isa = PBXGroup;
			children = (
				681788CC1B5EC99F00CD527C /* FingerPrintScanner */,
				681788E21B5EC99F00CD527C /* FingerPrintScannerTests */,
				681788CB1B5EC99F00CD527C /* Products */,
			);
			sourceTree = "<group>";
		};
		681788CB1B5EC99F00CD527C /* Products */ = {
			isa = PBXGroup;
			children = (
				681788CA1B5EC99F00CD527C /* FingerPrintScanner.app */,
				681788DF1B5EC99F00CD527C /* FingerPrintScannerTests.xctest */,
			);
			name = Products;
			sourceTree = "<group>";
		};
		681788CC1B5EC99F00CD527C /* FingerPrintScanner */ = {
			isa = PBXGroup;
			children = (
				681788CF1B5EC99F00CD527C /* AppDelegate.swift */,
				681788D11B5EC99F00CD527C /* ViewController.swift */,
				681788D31B5EC99F00CD527C /* Main.storyboard */,
				681788D61B5EC99F00CD527C /* Images.xcassets */,
				681788D81B5EC99F00CD527C /* LaunchScreen.xib */,
				681788CD1B5EC99F00CD527C /* Supporting Files */,
			);
			path = FingerPrintScanner;
			sourceTree = "<group>";
		};
		681788CD1B5EC99F00CD527C /* Supporting Files */ = {
			isa = PBXGroup;
			children = (
				681788CE1B5EC99F00CD527C /* Info.plist */,
			);
			name = "Supporting Files";
			sourceTree = "<group>";
		};
		681788E21B5EC99F00CD527C /* FingerPrintScannerTests */ = {
			isa = PBXGroup;
			children = (
				681788E51B5EC99F00CD527C /* FingerPrintScannerTests.swift */,
				681788E31B5EC99F00CD527C /* Supporting Files */,
			);
			path = FingerPrintScannerTests;
			sourceTree = "<group>";
		};
		681788E31B5EC99F00CD527C /* Supporting Files */ = {
			isa = PBXGroup;
			children = (
				681788E41B5EC99F00CD527C /* Info.plist */,
			);
			name = "Supporting Files";
			sourceTree = "<group>";
		};
/* End PBXGroup section */

/* Begin PBXNativeTarget section */
		681788C91B5EC99F00CD527C /* FingerPrintScanner */ = {
			isa = PBXNativeTarget;
			buildConfigurationList = 681788E91B5EC99F00CD527C /* Build configuration list for PBXNativeTarget "FingerPrintScanner" */;
			buildPhases = (
				681788C61B5EC99F00CD527C /* Sources */,
				681788C71B5EC99F00CD527C /* Frameworks */,
				681788C81B5EC99F00CD527C /* Resources */,
			);
			buildRules = (
			);
			dependencies = (
			);
			name = FingerPrintScanner;
			productName = FingerPrintScanner;
			productReference = 681788CA1B5EC99F00CD527C /* FingerPrintScanner.app */;
			productType = "com.apple.product-type.application";
		};
		681788DE1B5EC99F00CD527C /* FingerPrintScannerTests */ = {
			isa = PBXNativeTarget;
			buildConfigurationList = 681788EC1B5EC99F00CD527C /* Build configuration list for PBXNativeTarget "FingerPrintScannerTests" */;
			buildPhases = (
				681788DB1B5EC99F00CD527C /* Sources */,
				681788DC1B5EC99F00CD527C /* Frameworks */,
				681788DD1B5EC99F00CD527C /* Resources */,
			);
			buildRules = (
			);
			dependencies = (
				681788E11B5EC99F00CD527C /* PBXTargetDependency */,
			);
			name = FingerPrintScannerTests;
			productName = FingerPrintScannerTests;
			productReference = 681788DF1B5EC99F00CD527C /* FingerPrintScannerTests.xctest */;
			productType = "com.apple.product-type.bundle.unit-test";
		};
/* End PBXNativeTarget section */

/* Begin PBXProject section */
		681788C21B5EC99F00CD527C /* Project object */ = {
			isa = PBXProject;
			attributes = {
				LastUpgradeCheck = 0640;
				ORGANIZATIONNAME = "Secret Lab";
				TargetAttributes = {
					681788C91B5EC99F00CD527C = {
						CreatedOnToolsVersion = 6.4;
					};
					681788DE1B5EC99F00CD527C = {
						CreatedOnToolsVersion = 6.4;
						TestTargetID = 681788C91B5EC99F00CD527C;
					};
				};
			};
			buildConfigurationList = 681788C51B5EC99F00CD527C /* Build configuration list for PBXProject "FingerPrintScanner" */;
			compatibilityVersion = "Xcode 3.2";
			developmentRegion = English;
			hasScannedForEncodings = 0;
			knownRegions = (
				en,
				Base,
			);
			mainGroup = 681788C11B5EC99F00CD527C;
			productRefGroup = 681788CB1B5EC99F00CD527C /* Products */;
			projectDirPath = "";
			projectRoot = "";
			targets = (
				681788C91B5EC99F00CD527C /* FingerPrintScanner */,
				681788DE1B5EC99F00CD527C /* FingerPrintScannerTests */,
			);
		};
/* End PBXProject section */

/* Begin PBXResourcesBuildPhase section */
		681788C81B5EC99F00CD527C /* Resources */ = {
			isa = PBXResourcesBuildPhase;
			buildActionMask = 2147483647;
			files = (
				681788D51B5EC99F00CD527C /* Main.storyboard in Resources */,
				681788DA1B5EC99F00CD527C /* LaunchScreen.xib in Resources */,
				681788D71B5EC99F00CD527C /* Images.xcassets in Resources */,
			);
			runOnlyForDeploymentPostprocessing = 0;
		};
		681788DD1B5EC99F00CD527C /* Resources */ = {
			isa = PBXResourcesBuildPhase;
			buildActionMask = 2147483647;
			files = (
			);
			runOnlyForDeploymentPostprocessing = 0;
		};
/* End PBXResourcesBuildPhase section */

/* Begin PBXSourcesBuildPhase section */
		681788C61B5EC99F00CD527C /* Sources */ = {
			isa = PBXSourcesBuildPhase;
			buildActionMask = 2147483647;
			files = (
				681788D21B5EC99F00CD527C /* ViewController.swift in Sources */,
				681788D01B5EC99F00CD527C /* AppDelegate.swift in Sources */,
			);
			runOnlyForDeploymentPostprocessing = 0;
		};
		681788DB1B5EC99F00CD527C /* Sources */ = {
			isa = PBXSourcesBuildPhase;
			buildActionMask = 2147483647;
			files = (
				681788E61B5EC99F00CD527C /* FingerPrintScannerTests.swift in Sources */,
			);
			runOnlyForDeploymentPostprocessing = 0;
		};
/* End PBXSourcesBuildPhase section */

/* Begin PBXTargetDependency section */
		681788E11B5EC99F00CD527C /* PBXTargetDependency */ = {
			isa = PBXTargetDependency;
			target = 681788C91B5EC99F00CD527C /* FingerPrintScanner */;
			targetProxy = 681788E01B5EC99F00CD527C /* PBXContainerItemProxy */;
		};
/* End PBXTargetDependency section */

/* Begin PBXVariantGroup section */
		681788D31B5EC99F00CD527C /* Main.storyboard */ = {
			isa = PBXVariantGroup;
			children = (
				681788D41B5EC99F00CD527C /* Base */,
			);
			name = Main.storyboard;
			sourceTree = "<group>";
		};
		681788D81B5EC99F00CD527C /* LaunchScreen.xib */ = {
			isa = PBXVariantGroup;
			children = (
				681788D91B5EC99F00CD527C /* Base */,
			);
			name = LaunchScreen.xib;
			sourceTree = "<group>";
		};
/* End PBXVariantGroup section */

/* Begin XCBuildConfiguration section */
		681788E71B5EC99F00CD527C /* Debug */ = {
			isa = XCBuildConfiguration;
			buildSettings = {
				ALWAYS_SEARCH_USER_PATHS = NO;
				CLANG_CXX_LANGUAGE_STANDARD = "gnu++0x";
				CLANG_CXX_LIBRARY = "libc++";
				CLANG_ENABLE_MODULES = YES;
				CLANG_ENABLE_OBJC_ARC = YES;
				CLANG_WARN_BOOL_CONVERSION = YES;
				CLANG_WARN_CONSTANT_CONVERSION = YES;
				CLANG_WARN_DIRECT_OBJC_ISA_USAGE = YES_ERROR;
				CLANG_WARN_EMPTY_BODY = YES;
				CLANG_WARN_ENUM_CONVERSION = YES;
				CLANG_WARN_INT_CONVERSION = YES;
				CLANG_WARN_OBJC_ROOT_CLASS = YES_ERROR;
				CLANG_WARN_UNREACHABLE_CODE = YES;
				CLANG_WARN__DUPLICATE_METHOD_MATCH = YES;
				"CODE_SIGN_IDENTITY[sdk=iphoneos*]" = "iPhone Developer";
				COPY_PHASE_STRIP = NO;
				DEBUG_INFORMATION_FORMAT = "dwarf-with-dsym";
				ENABLE_STRICT_OBJC_MSGSEND = YES;
				GCC_C_LANGUAGE_STANDARD = gnu99;
				GCC_DYNAMIC_NO_PIC = NO;
				GCC_NO_COMMON_BLOCKS = YES;
				GCC_OPTIMIZATION_LEVEL = 0;
				GCC_PREPROCESSOR_DEFINITIONS = (
					"DEBUG=1",
					"$(inherited)",
				);
				GCC_SYMBOLS_PRIVATE_EXTERN = NO;
				GCC_WARN_64_TO_32_BIT_CONVERSION = YES;
				GCC_WARN_ABOUT_RETURN_TYPE = YES_ERROR;
				GCC_WARN_UNDECLARED_SELECTOR = YES;
				GCC_WARN_UNINITIALIZED_AUTOS = YES_AGGRESSIVE;
				GCC_WARN_UNUSED_FUNCTION = YES;
				GCC_WARN_UNUSED_VARIABLE = YES;
				IPHONEOS_DEPLOYMENT_TARGET = 8.4;
				MTL_ENABLE_DEBUG_INFO = YES;
				ONLY_ACTIVE_ARCH = YES;
				SDKROOT = iphoneos;
				SWIFT_OPTIMIZATION_LEVEL = "-Onone";
			};
			name = Debug;
		};
		681788E81B5EC99F00CD527C /* Release */ = {
			isa = XCBuildConfiguration;
			buildSettings = {
				ALWAYS_SEARCH_USER_PATHS = NO;
				CLANG_CXX_LANGUAGE_STANDARD = "gnu++0x";
				CLANG_CXX_LIBRARY = "libc++";
				CLANG_ENABLE_MODULES = YES;
				CLANG_ENABLE_OBJC_ARC = YES;
				CLANG_WARN_BOOL_CONVERSION = YES;
				CLANG_WARN_CONSTANT_CONVERSION = YES;
				CLANG_WARN_DIRECT_OBJC_ISA_USAGE = YES_ERROR;
				CLANG_WARN_EMPTY_BODY = YES;
				CLANG_WARN_ENUM_CONVERSION = YES;
				CLANG_WARN_INT_CONVERSION = YES;
				CLANG_WARN_OBJC_ROOT_CLASS = YES_ERROR;
				CLANG_WARN_UNREACHABLE_CODE = YES;
				CLANG_WARN__DUPLICATE_METHOD_MATCH = YES;
				"CODE_SIGN_IDENTITY[sdk=iphoneos*]" = "iPhone Developer";
				COPY_PHASE_STRIP = NO;
				DEBUG_INFORMATION_FORMAT = "dwarf-with-dsym";
				ENABLE_NS_ASSERTIONS = NO;
				ENABLE_STRICT_OBJC_MSGSEND = YES;
				GCC_C_LANGUAGE_STANDARD = gnu99;
				GCC_NO_COMMON_BLOCKS = YES;
				GCC_WARN_64_TO_32_BIT_CONVERSION = YES;
				GCC_WARN_ABOUT_RETURN_TYPE = YES_ERROR;
				GCC_WARN_UNDECLARED_SELECTOR = YES;
				GCC_WARN_UNINITIALIZED_AUTOS = YES_AGGRESSIVE;
				GCC_WARN_UNUSED_FUNCTION = YES;
				GCC_WARN_UNUSED_VARIABLE = YES;
				IPHONEOS_DEPLOYMENT_TARGET = 8.4;
				MTL_ENABLE_DEBUG_INFO = NO;
				SDKROOT = iphoneos;
				VALIDATE_PRODUCT = YES;
			};
			name = Release;
		};
		681788EA1B5EC99F00CD527C /* Debug */ = {
			isa = XCBuildConfiguration;
			buildSettings = {
				ASSETCATALOG_COMPILER_APPICON_NAME = AppIcon;
				INFOPLIST_FILE = FingerPrintScanner/Info.plist;
				LD_RUNPATH_SEARCH_PATHS = "$(inherited) @executable_path/Frameworks";
				PRODUCT_NAME = "$(TARGET_NAME)";
			};
			name = Debug;
		};
		681788EB1B5EC99F00CD527C /* Release */ = {
			isa = XCBuildConfiguration;
			buildSettings = {
				ASSETCATALOG_COMPILER_APPICON_NAME = AppIcon;
				INFOPLIST_FILE = FingerPrintScanner/Info.plist;
				LD_RUNPATH_SEARCH_PATHS = "$(inherited) @executable_path/Frameworks";
				PRODUCT_NAME = "$(TARGET_NAME)";
			};
			name = Release;
		};
		681788ED1B5EC99F00CD527C /* Debug */ = {
			isa = XCBuildConfiguration;
			buildSettings = {
				BUNDLE_LOADER = "$(TEST_HOST)";
				FRAMEWORK_SEARCH_PATHS = (
					"$(SDKROOT)/Developer/Library/Frameworks",
					"$(inherited)",
				);
				GCC_PREPROCESSOR_DEFINITIONS = (
					"DEBUG=1",
					"$(inherited)",
				);
				INFOPLIST_FILE = FingerPrintScannerTests/Info.plist;
				LD_RUNPATH_SEARCH_PATHS = "$(inherited) @executable_path/Frameworks @loader_path/Frameworks";
				PRODUCT_NAME = "$(TARGET_NAME)";
				TEST_HOST = "$(BUILT_PRODUCTS_DIR)/FingerPrintScanner.app/FingerPrintScanner";
			};
			name = Debug;
		};
		681788EE1B5EC99F00CD527C /* Release */ = {
			isa = XCBuildConfiguration;
			buildSettings = {
				BUNDLE_LOADER = "$(TEST_HOST)";
				FRAMEWORK_SEARCH_PATHS = (
					"$(SDKROOT)/Developer/Library/Frameworks",
					"$(inherited)",
				);
				INFOPLIST_FILE = FingerPrintScannerTests/Info.plist;
				LD_RUNPATH_SEARCH_PATHS = "$(inherited) @executable_path/Frameworks @loader_path/Frameworks";
				PRODUCT_NAME = "$(TARGET_NAME)";
				TEST_HOST = "$(BUILT_PRODUCTS_DIR)/FingerPrintScanner.app/FingerPrintScanner";
			};
			name = Release;
		};
/* End XCBuildConfiguration section */

/* Begin XCConfigurationList section */
		681788C51B5EC99F00CD527C /* Build configuration list for PBXProject "FingerPrintScanner" */ = {
			isa = XCConfigurationList;
			buildConfigurations = (
				681788E71B5EC99F00CD527C /* Debug */,
				681788E81B5EC99F00CD527C /* Release */,
			);
			defaultConfigurationIsVisible = 0;
			defaultConfigurationName = Release;
		};
		681788E91B5EC99F00CD527C /* Build configuration list for PBXNativeTarget "FingerPrintScanner" */ = {
			isa = XCConfigurationList;
			buildConfigurations = (
				681788EA1B5EC99F00CD527C /* Debug */,
				681788EB1B5EC99F00CD527C /* Release */,
			);
			defaultConfigurationIsVisible = 0;
		};
		681788EC1B5EC99F00CD527C /* Build configuration list for PBXNativeTarget "FingerPrintScannerTests" */ = {
			isa = XCConfigurationList;
			buildConfigurations = (
				681788ED1B5EC99F00CD527C /* Debug */,
				681788EE1B5EC99F00CD527C /* Release */,
			);
			defaultConfigurationIsVisible = 0;
		};
/* End XCConfigurationList section */
	};
	rootObject = 681788C21B5EC99F00CD527C /* Project object */;
}
