// !$*UTF8*$!
{
	archiveVersion = 1;
	classes = {
	};
	objectVersion = 46;
	objects = {

/* Begin PBXBuildFile section */
		681788741B5EB2E000CD527C /* AppDelegate.swift in Sources */ = {isa = PBXBuildFile; fileRef = 681788731B5EB2E000CD527C /* AppDelegate.swift */; };
		681788761B5EB2E000CD527C /* ViewController.swift in Sources */ = {isa = PBXBuildFile; fileRef = 681788751B5EB2E000CD527C /* ViewController.swift */; };
		681788791B5EB2E000CD527C /* Main.storyboard in Resources */ = {isa = PBXBuildFile; fileRef = 681788771B5EB2E000CD527C /* Main.storyboard */; };
		6817887B1B5EB2E000CD527C /* Images.xcassets in Resources */ = {isa = PBXBuildFile; fileRef = 6817887A1B5EB2E000CD527C /* Images.xcassets */; };
		6817887E1B5EB2E000CD527C /* LaunchScreen.xib in Resources */ = {isa = PBXBuildFile; fileRef = 6817887C1B5EB2E000CD527C /* LaunchScreen.xib */; };
		6817888A1B5EB2E000CD527C /* ImageDownloadingTests.swift in Sources */ = {isa = PBXBuildFile; fileRef = 681788891B5EB2E000CD527C /* ImageDownloadingTests.swift */; };
/* End PBXBuildFile section */

/* Begin PBXContainerItemProxy section */
		681788841B5EB2E000CD527C /* PBXContainerItemProxy */ = {
			isa = PBXContainerItemProxy;
			containerPortal = 681788661B5EB2E000CD527C /* Project object */;
			proxyType = 1;
			remoteGlobalIDString = 6817886D1B5EB2E000CD527C;
			remoteInfo = ImageDownloading;
		};
/* End PBXContainerItemProxy section */

/* Begin PBXFileReference section */
		6817886E1B5EB2E000CD527C /* ImageDownloading.app */ = {isa = PBXFileReference; explicitFileType = wrapper.application; includeInIndex = 0; path = ImageDownloading.app; sourceTree = BUILT_PRODUCTS_DIR; };
		681788721B5EB2E000CD527C /* Info.plist */ = {isa = PBXFileReference; lastKnownFileType = text.plist.xml; path = Info.plist; sourceTree = "<group>"; };
		681788731B5EB2E000CD527C /* AppDelegate.swift */ = {isa = PBXFileReference; lastKnownFileType = sourcecode.swift; path = AppDelegate.swift; sourceTree = "<group>"; };
		681788751B5EB2E000CD527C /* ViewController.swift */ = {isa = PBXFileReference; lastKnownFileType = sourcecode.swift; path = ViewController.swift; sourceTree = "<group>"; };
		681788781B5EB2E000CD527C /* Base */ = {isa = PBXFileReference; lastKnownFileType = file.storyboard; name = Base; path = Base.lproj/Main.storyboard; sourceTree = "<group>"; };
		6817887A1B5EB2E000CD527C /* Images.xcassets */ = {isa = PBXFileReference; lastKnownFileType = folder.assetcatalog; path = Images.xcassets; sourceTree = "<group>"; };
		6817887D1B5EB2E000CD527C /* Base */ = {isa = PBXFileReference; lastKnownFileType = file.xib; name = Base; path = Base.lproj/LaunchScreen.xib; sourceTree = "<group>"; };
		681788831B5EB2E000CD527C /* ImageDownloadingTests.xctest */ = {isa = PBXFileReference; explicitFileType = wrapper.cfbundle; includeInIndex = 0; path = ImageDownloadingTests.xctest; sourceTree = BUILT_PRODUCTS_DIR; };
		681788881B5EB2E000CD527C /* Info.plist */ = {isa = PBXFileReference; lastKnownFileType = text.plist.xml; path = Info.plist; sourceTree = "<group>"; };
		681788891B5EB2E000CD527C /* ImageDownloadingTests.swift */ = {isa = PBXFileReference; lastKnownFileType = sourcecode.swift; path = ImageDownloadingTests.swift; sourceTree = "<group>"; };
/* End PBXFileReference section */

/* Begin PBXFrameworksBuildPhase section */
		6817886B1B5EB2E000CD527C /* Frameworks */ = {
			isa = PBXFrameworksBuildPhase;
			buildActionMask = 2147483647;
			files = (
			);
			runOnlyForDeploymentPostprocessing = 0;
		};
		681788801B5EB2E000CD527C /* Frameworks */ = {
			isa = PBXFrameworksBuildPhase;
			buildActionMask = 2147483647;
			files = (
			);
			runOnlyForDeploymentPostprocessing = 0;
		};
/* End PBXFrameworksBuildPhase section */

/* Begin PBXGroup section */
		681788651B5EB2E000CD527C = {
			isa = PBXGroup;
			children = (
				681788701B5EB2E000CD527C /* ImageDownloading */,
				681788861B5EB2E000CD527C /* ImageDownloadingTests */,
				6817886F1B5EB2E000CD527C /* Products */,
			);
			sourceTree = "<group>";
		};
		6817886F1B5EB2E000CD527C /* Products */ = {
			isa = PBXGroup;
			children = (
				6817886E1B5EB2E000CD527C /* ImageDownloading.app */,
				681788831B5EB2E000CD527C /* ImageDownloadingTests.xctest */,
			);
			name = Products;
			sourceTree = "<group>";
		};
		681788701B5EB2E000CD527C /* ImageDownloading */ = {
			isa = PBXGroup;
			children = (
				681788731B5EB2E000CD527C /* AppDelegate.swift */,
				681788751B5EB2E000CD527C /* ViewController.swift */,
				681788771B5EB2E000CD527C /* Main.storyboard */,
				6817887A1B5EB2E000CD527C /* Images.xcassets */,
				6817887C1B5EB2E000CD527C /* LaunchScreen.xib */,
				681788711B5EB2E000CD527C /* Supporting Files */,
			);
			path = ImageDownloading;
			sourceTree = "<group>";
		};
		681788711B5EB2E000CD527C /* Supporting Files */ = {
			isa = PBXGroup;
			children = (
				681788721B5EB2E000CD527C /* Info.plist */,
			);
			name = "Supporting Files";
			sourceTree = "<group>";
		};
		681788861B5EB2E000CD527C /* ImageDownloadingTests */ = {
			isa = PBXGroup;
			children = (
				681788891B5EB2E000CD527C /* ImageDownloadingTests.swift */,
				681788871B5EB2E000CD527C /* Supporting Files */,
			);
			path = ImageDownloadingTests;
			sourceTree = "<group>";
		};
		681788871B5EB2E000CD527C /* Supporting Files */ = {
			isa = PBXGroup;
			children = (
				681788881B5EB2E000CD527C /* Info.plist */,
			);
			name = "Supporting Files";
			sourceTree = "<group>";
		};
/* End PBXGroup section */

/* Begin PBXNativeTarget section */
		6817886D1B5EB2E000CD527C /* ImageDownloading */ = {
			isa = PBXNativeTarget;
			buildConfigurationList = 6817888D1B5EB2E000CD527C /* Build configuration list for PBXNativeTarget "ImageDownloading" */;
			buildPhases = (
				6817886A1B5EB2E000CD527C /* Sources */,
				6817886B1B5EB2E000CD527C /* Frameworks */,
				6817886C1B5EB2E000CD527C /* Resources */,
			);
			buildRules = (
			);
			dependencies = (
			);
			name = ImageDownloading;
			productName = ImageDownloading;
			productReference = 6817886E1B5EB2E000CD527C /* ImageDownloading.app */;
			productType = "com.apple.product-type.application";
		};
		681788821B5EB2E000CD527C /* ImageDownloadingTests */ = {
			isa = PBXNativeTarget;
			buildConfigurationList = 681788901B5EB2E000CD527C /* Build configuration list for PBXNativeTarget "ImageDownloadingTests" */;
			buildPhases = (
				6817887F1B5EB2E000CD527C /* Sources */,
				681788801B5EB2E000CD527C /* Frameworks */,
				681788811B5EB2E000CD527C /* Resources */,
			);
			buildRules = (
			);
			dependencies = (
				681788851B5EB2E000CD527C /* PBXTargetDependency */,
			);
			name = ImageDownloadingTests;
			productName = ImageDownloadingTests;
			productReference = 681788831B5EB2E000CD527C /* ImageDownloadingTests.xctest */;
			productType = "com.apple.product-type.bundle.unit-test";
		};
/* End PBXNativeTarget section */

/* Begin PBXProject section */
		681788661B5EB2E000CD527C /* Project object */ = {
			isa = PBXProject;
			attributes = {
				LastUpgradeCheck = 0640;
				ORGANIZATIONNAME = "Secret Lab";
				TargetAttributes = {
					6817886D1B5EB2E000CD527C = {
						CreatedOnToolsVersion = 6.4;
					};
					681788821B5EB2E000CD527C = {
						CreatedOnToolsVersion = 6.4;
						TestTargetID = 6817886D1B5EB2E000CD527C;
					};
				};
			};
			buildConfigurationList = 681788691B5EB2E000CD527C /* Build configuration list for PBXProject "ImageDownloading" */;
			compatibilityVersion = "Xcode 3.2";
			developmentRegion = English;
			hasScannedForEncodings = 0;
			knownRegions = (
				en,
				Base,
			);
			mainGroup = 681788651B5EB2E000CD527C;
			productRefGroup = 6817886F1B5EB2E000CD527C /* Products */;
			projectDirPath = "";
			projectRoot = "";
			targets = (
				6817886D1B5EB2E000CD527C /* ImageDownloading */,
				681788821B5EB2E000CD527C /* ImageDownloadingTests */,
			);
		};
/* End PBXProject section */

/* Begin PBXResourcesBuildPhase section */
		6817886C1B5EB2E000CD527C /* Resources */ = {
			isa = PBXResourcesBuildPhase;
			buildActionMask = 2147483647;
			files = (
				681788791B5EB2E000CD527C /* Main.storyboard in Resources */,
				6817887E1B5EB2E000CD527C /* LaunchScreen.xib in Resources */,
				6817887B1B5EB2E000CD527C /* Images.xcassets in Resources */,
			);
			runOnlyForDeploymentPostprocessing = 0;
		};
		681788811B5EB2E000CD527C /* Resources */ = {
			isa = PBXResourcesBuildPhase;
			buildActionMask = 2147483647;
			files = (
			);
			runOnlyForDeploymentPostprocessing = 0;
		};
/* End PBXResourcesBuildPhase section */

/* Begin PBXSourcesBuildPhase section */
		6817886A1B5EB2E000CD527C /* Sources */ = {
			isa = PBXSourcesBuildPhase;
			buildActionMask = 2147483647;
			files = (
				681788761B5EB2E000CD527C /* ViewController.swift in Sources */,
				681788741B5EB2E000CD527C /* AppDelegate.swift in Sources */,
			);
			runOnlyForDeploymentPostprocessing = 0;
		};
		6817887F1B5EB2E000CD527C /* Sources */ = {
			isa = PBXSourcesBuildPhase;
			buildActionMask = 2147483647;
			files = (
				6817888A1B5EB2E000CD527C /* ImageDownloadingTests.swift in Sources */,
			);
			runOnlyForDeploymentPostprocessing = 0;
		};
/* End PBXSourcesBuildPhase section */

/* Begin PBXTargetDependency section */
		681788851B5EB2E000CD527C /* PBXTargetDependency */ = {
			isa = PBXTargetDependency;
			target = 6817886D1B5EB2E000CD527C /* ImageDownloading */;
			targetProxy = 681788841B5EB2E000CD527C /* PBXContainerItemProxy */;
		};
/* End PBXTargetDependency section */

/* Begin PBXVariantGroup section */
		681788771B5EB2E000CD527C /* Main.storyboard */ = {
			isa = PBXVariantGroup;
			children = (
				681788781B5EB2E000CD527C /* Base */,
			);
			name = Main.storyboard;
			sourceTree = "<group>";
		};
		6817887C1B5EB2E000CD527C /* LaunchScreen.xib */ = {
			isa = PBXVariantGroup;
			children = (
				6817887D1B5EB2E000CD527C /* Base */,
			);
			name = LaunchScreen.xib;
			sourceTree = "<group>";
		};
/* End PBXVariantGroup section */

/* Begin XCBuildConfiguration section */
		6817888B1B5EB2E000CD527C /* Debug */ = {
			isa = XCBuildConfiguration;
			buildSettings = {
				ALWAYS_SEARCH_USER_PATHS = NO;
				CLANG_CXX_LANGUAGE_STANDARD = "gnu++0x";
				CLANG_CXX_LIBRARY = "libc++";
				CLANG_ENABLE_MODULES = YES;
				CLANG_ENABLE_OBJC_ARC = YES;
				CLANG_WARN_BOOL_CONVERSION = YES;
				CLANG_WARN_CONSTANT_CONVERSION = YES;
				CLANG_WARN_DIRECT_OBJC_ISA_USAGE = YES_ERROR;
				CLANG_WARN_EMPTY_BODY = YES;
				CLANG_WARN_ENUM_CONVERSION = YES;
				CLANG_WARN_INT_CONVERSION = YES;
				CLANG_WARN_OBJC_ROOT_CLASS = YES_ERROR;
				CLANG_WARN_UNREACHABLE_CODE = YES;
				CLANG_WARN__DUPLICATE_METHOD_MATCH = YES;
				"CODE_SIGN_IDENTITY[sdk=iphoneos*]" = "iPhone Developer";
				COPY_PHASE_STRIP = NO;
				DEBUG_INFORMATION_FORMAT = "dwarf-with-dsym";
				ENABLE_STRICT_OBJC_MSGSEND = YES;
				GCC_C_LANGUAGE_STANDARD = gnu99;
				GCC_DYNAMIC_NO_PIC = NO;
				GCC_NO_COMMON_BLOCKS = YES;
				GCC_OPTIMIZATION_LEVEL = 0;
				GCC_PREPROCESSOR_DEFINITIONS = (
					"DEBUG=1",
					"$(inherited)",
				);
				GCC_SYMBOLS_PRIVATE_EXTERN = NO;
				GCC_WARN_64_TO_32_BIT_CONVERSION = YES;
				GCC_WARN_ABOUT_RETURN_TYPE = YES_ERROR;
				GCC_WARN_UNDECLARED_SELECTOR = YES;
				GCC_WARN_UNINITIALIZED_AUTOS = YES_AGGRESSIVE;
				GCC_WARN_UNUSED_FUNCTION = YES;
				GCC_WARN_UNUSED_VARIABLE = YES;
				IPHONEOS_DEPLOYMENT_TARGET = 8.4;
				MTL_ENABLE_DEBUG_INFO = YES;
				ONLY_ACTIVE_ARCH = YES;
				SDKROOT = iphoneos;
				SWIFT_OPTIMIZATION_LEVEL = "-Onone";
			};
			name = Debug;
		};
		6817888C1B5EB2E000CD527C /* Release */ = {
			isa = XCBuildConfiguration;
			buildSettings = {
				ALWAYS_SEARCH_USER_PATHS = NO;
				CLANG_CXX_LANGUAGE_STANDARD = "gnu++0x";
				CLANG_CXX_LIBRARY = "libc++";
				CLANG_ENABLE_MODULES = YES;
				CLANG_ENABLE_OBJC_ARC = YES;
				CLANG_WARN_BOOL_CONVERSION = YES;
				CLANG_WARN_CONSTANT_CONVERSION = YES;
				CLANG_WARN_DIRECT_OBJC_ISA_USAGE = YES_ERROR;
				CLANG_WARN_EMPTY_BODY = YES;
				CLANG_WARN_ENUM_CONVERSION = YES;
				CLANG_WARN_INT_CONVERSION = YES;
				CLANG_WARN_OBJC_ROOT_CLASS = YES_ERROR;
				CLANG_WARN_UNREACHABLE_CODE = YES;
				CLANG_WARN__DUPLICATE_METHOD_MATCH = YES;
				"CODE_SIGN_IDENTITY[sdk=iphoneos*]" = "iPhone Developer";
				COPY_PHASE_STRIP = NO;
				DEBUG_INFORMATION_FORMAT = "dwarf-with-dsym";
				ENABLE_NS_ASSERTIONS = NO;
				ENABLE_STRICT_OBJC_MSGSEND = YES;
				GCC_C_LANGUAGE_STANDARD = gnu99;
				GCC_NO_COMMON_BLOCKS = YES;
				GCC_WARN_64_TO_32_BIT_CONVERSION = YES;
				GCC_WARN_ABOUT_RETURN_TYPE = YES_ERROR;
				GCC_WARN_UNDECLARED_SELECTOR = YES;
				GCC_WARN_UNINITIALIZED_AUTOS = YES_AGGRESSIVE;
				GCC_WARN_UNUSED_FUNCTION = YES;
				GCC_WARN_UNUSED_VARIABLE = YES;
				IPHONEOS_DEPLOYMENT_TARGET = 8.4;
				MTL_ENABLE_DEBUG_INFO = NO;
				SDKROOT = iphoneos;
				VALIDATE_PRODUCT = YES;
			};
			name = Release;
		};
		6817888E1B5EB2E000CD527C /* Debug */ = {
			isa = XCBuildConfiguration;
			buildSettings = {
				ASSETCATALOG_COMPILER_APPICON_NAME = AppIcon;
				INFOPLIST_FILE = ImageDownloading/Info.plist;
				LD_RUNPATH_SEARCH_PATHS = "$(inherited) @executable_path/Frameworks";
				PRODUCT_NAME = "$(TARGET_NAME)";
			};
			name = Debug;
		};
		6817888F1B5EB2E000CD527C /* Release */ = {
			isa = XCBuildConfiguration;
			buildSettings = {
				ASSETCATALOG_COMPILER_APPICON_NAME = AppIcon;
				INFOPLIST_FILE = ImageDownloading/Info.plist;
				LD_RUNPATH_SEARCH_PATHS = "$(inherited) @executable_path/Frameworks";
				PRODUCT_NAME = "$(TARGET_NAME)";
			};
			name = Release;
		};
		681788911B5EB2E000CD527C /* Debug */ = {
			isa = XCBuildConfiguration;
			buildSettings = {
				BUNDLE_LOADER = "$(TEST_HOST)";
				FRAMEWORK_SEARCH_PATHS = (
					"$(SDKROOT)/Developer/Library/Frameworks",
					"$(inherited)",
				);
				GCC_PREPROCESSOR_DEFINITIONS = (
					"DEBUG=1",
					"$(inherited)",
				);
				INFOPLIST_FILE = ImageDownloadingTests/Info.plist;
				LD_RUNPATH_SEARCH_PATHS = "$(inherited) @executable_path/Frameworks @loader_path/Frameworks";
				PRODUCT_NAME = "$(TARGET_NAME)";
				TEST_HOST = "$(BUILT_PRODUCTS_DIR)/ImageDownloading.app/ImageDownloading";
			};
			name = Debug;
		};
		681788921B5EB2E000CD527C /* Release */ = {
			isa = XCBuildConfiguration;
			buildSettings = {
				BUNDLE_LOADER = "$(TEST_HOST)";
				FRAMEWORK_SEARCH_PATHS = (
					"$(SDKROOT)/Developer/Library/Frameworks",
					"$(inherited)",
				);
				INFOPLIST_FILE = ImageDownloadingTests/Info.plist;
				LD_RUNPATH_SEARCH_PATHS = "$(inherited) @executable_path/Frameworks @loader_path/Frameworks";
				PRODUCT_NAME = "$(TARGET_NAME)";
				TEST_HOST = "$(BUILT_PRODUCTS_DIR)/ImageDownloading.app/ImageDownloading";
			};
			name = Release;
		};
/* End XCBuildConfiguration section */

/* Begin XCConfigurationList section */
		681788691B5EB2E000CD527C /* Build configuration list for PBXProject "ImageDownloading" */ = {
			isa = XCConfigurationList;
			buildConfigurations = (
				6817888B1B5EB2E000CD527C /* Debug */,
				6817888C1B5EB2E000CD527C /* Release */,
			);
			defaultConfigurationIsVisible = 0;
			defaultConfigurationName = Release;
		};
		6817888D1B5EB2E000CD527C /* Build configuration list for PBXNativeTarget "ImageDownloading" */ = {
			isa = XCConfigurationList;
			buildConfigurations = (
				6817888E1B5EB2E000CD527C /* Debug */,
				6817888F1B5EB2E000CD527C /* Release */,
			);
			defaultConfigurationIsVisible = 0;
		};
		681788901B5EB2E000CD527C /* Build configuration list for PBXNativeTarget "ImageDownloadingTests" */ = {
			isa = XCConfigurationList;
			buildConfigurations = (
				681788911B5EB2E000CD527C /* Debug */,
				681788921B5EB2E000CD527C /* Release */,
			);
			defaultConfigurationIsVisible = 0;
		};
/* End XCConfigurationList section */
	};
	rootObject = 681788661B5EB2E000CD527C /* Project object */;
}
