// !$*UTF8*$!
{
	archiveVersion = 1;
	classes = {
	};
	objectVersion = 46;
	objects = {

/* Begin PBXBuildFile section */
		6876B50C1B39312100DA6A50 /* AppDelegate.swift in Sources */ = {isa = PBXBuildFile; fileRef = 6876B50B1B39312100DA6A50 /* AppDelegate.swift */; };
		6876B50E1B39312100DA6A50 /* Images.xcassets in Resources */ = {isa = PBXBuildFile; fileRef = 6876B50D1B39312100DA6A50 /* Images.xcassets */; };
		6876B5111B39312100DA6A50 /* MainMenu.xib in Resources */ = {isa = PBXBuildFile; fileRef = 6876B50F1B39312100DA6A50 /* MainMenu.xib */; };
		6876B51D1B39312100DA6A50 /* OperationQueuesTests.swift in Sources */ = {isa = PBXBuildFile; fileRef = 6876B51C1B39312100DA6A50 /* OperationQueuesTests.swift */; };
/* End PBXBuildFile section */

/* Begin PBXContainerItemProxy section */
		6876B5171B39312100DA6A50 /* PBXContainerItemProxy */ = {
			isa = PBXContainerItemProxy;
			containerPortal = 6876B4FE1B39312100DA6A50 /* Project object */;
			proxyType = 1;
			remoteGlobalIDString = 6876B5051B39312100DA6A50;
			remoteInfo = OperationQueues;
		};
/* End PBXContainerItemProxy section */

/* Begin PBXFileReference section */
		6876B5061B39312100DA6A50 /* OperationQueues.app */ = {isa = PBXFileReference; explicitFileType = wrapper.application; includeInIndex = 0; path = OperationQueues.app; sourceTree = BUILT_PRODUCTS_DIR; };
		6876B50A1B39312100DA6A50 /* Info.plist */ = {isa = PBXFileReference; lastKnownFileType = text.plist.xml; path = Info.plist; sourceTree = "<group>"; };
		6876B50B1B39312100DA6A50 /* AppDelegate.swift */ = {isa = PBXFileReference; lastKnownFileType = sourcecode.swift; path = AppDelegate.swift; sourceTree = "<group>"; };
		6876B50D1B39312100DA6A50 /* Images.xcassets */ = {isa = PBXFileReference; lastKnownFileType = folder.assetcatalog; path = Images.xcassets; sourceTree = "<group>"; };
		6876B5101B39312100DA6A50 /* Base */ = {isa = PBXFileReference; lastKnownFileType = file.xib; name = Base; path = Base.lproj/MainMenu.xib; sourceTree = "<group>"; };
		6876B5161B39312100DA6A50 /* OperationQueuesTests.xctest */ = {isa = PBXFileReference; explicitFileType = wrapper.cfbundle; includeInIndex = 0; path = OperationQueuesTests.xctest; sourceTree = BUILT_PRODUCTS_DIR; };
		6876B51B1B39312100DA6A50 /* Info.plist */ = {isa = PBXFileReference; lastKnownFileType = text.plist.xml; path = Info.plist; sourceTree = "<group>"; };
		6876B51C1B39312100DA6A50 /* OperationQueuesTests.swift */ = {isa = PBXFileReference; lastKnownFileType = sourcecode.swift; path = OperationQueuesTests.swift; sourceTree = "<group>"; };
/* End PBXFileReference section */

/* Begin PBXFrameworksBuildPhase section */
		6876B5031B39312100DA6A50 /* Frameworks */ = {
			isa = PBXFrameworksBuildPhase;
			buildActionMask = 2147483647;
			files = (
			);
			runOnlyForDeploymentPostprocessing = 0;
		};
		6876B5131B39312100DA6A50 /* Frameworks */ = {
			isa = PBXFrameworksBuildPhase;
			buildActionMask = 2147483647;
			files = (
			);
			runOnlyForDeploymentPostprocessing = 0;
		};
/* End PBXFrameworksBuildPhase section */

/* Begin PBXGroup section */
		6876B4FD1B39312100DA6A50 = {
			isa = PBXGroup;
			children = (
				6876B5081B39312100DA6A50 /* OperationQueues */,
				6876B5191B39312100DA6A50 /* OperationQueuesTests */,
				6876B5071B39312100DA6A50 /* Products */,
			);
			sourceTree = "<group>";
		};
		6876B5071B39312100DA6A50 /* Products */ = {
			isa = PBXGroup;
			children = (
				6876B5061B39312100DA6A50 /* OperationQueues.app */,
				6876B5161B39312100DA6A50 /* OperationQueuesTests.xctest */,
			);
			name = Products;
			sourceTree = "<group>";
		};
		6876B5081B39312100DA6A50 /* OperationQueues */ = {
			isa = PBXGroup;
			children = (
				6876B50B1B39312100DA6A50 /* AppDelegate.swift */,
				6876B50D1B39312100DA6A50 /* Images.xcassets */,
				6876B50F1B39312100DA6A50 /* MainMenu.xib */,
				6876B5091B39312100DA6A50 /* Supporting Files */,
			);
			path = OperationQueues;
			sourceTree = "<group>";
		};
		6876B5091B39312100DA6A50 /* Supporting Files */ = {
			isa = PBXGroup;
			children = (
				6876B50A1B39312100DA6A50 /* Info.plist */,
			);
			name = "Supporting Files";
			sourceTree = "<group>";
		};
		6876B5191B39312100DA6A50 /* OperationQueuesTests */ = {
			isa = PBXGroup;
			children = (
				6876B51C1B39312100DA6A50 /* OperationQueuesTests.swift */,
				6876B51A1B39312100DA6A50 /* Supporting Files */,
			);
			path = OperationQueuesTests;
			sourceTree = "<group>";
		};
		6876B51A1B39312100DA6A50 /* Supporting Files */ = {
			isa = PBXGroup;
			children = (
				6876B51B1B39312100DA6A50 /* Info.plist */,
			);
			name = "Supporting Files";
			sourceTree = "<group>";
		};
/* End PBXGroup section */

/* Begin PBXNativeTarget section */
		6876B5051B39312100DA6A50 /* OperationQueues */ = {
			isa = PBXNativeTarget;
			buildConfigurationList = 6876B5201B39312100DA6A50 /* Build configuration list for PBXNativeTarget "OperationQueues" */;
			buildPhases = (
				6876B5021B39312100DA6A50 /* Sources */,
				6876B5031B39312100DA6A50 /* Frameworks */,
				6876B5041B39312100DA6A50 /* Resources */,
			);
			buildRules = (
			);
			dependencies = (
			);
			name = OperationQueues;
			productName = OperationQueues;
			productReference = 6876B5061B39312100DA6A50 /* OperationQueues.app */;
			productType = "com.apple.product-type.application";
		};
		6876B5151B39312100DA6A50 /* OperationQueuesTests */ = {
			isa = PBXNativeTarget;
			buildConfigurationList = 6876B5231B39312100DA6A50 /* Build configuration list for PBXNativeTarget "OperationQueuesTests" */;
			buildPhases = (
				6876B5121B39312100DA6A50 /* Sources */,
				6876B5131B39312100DA6A50 /* Frameworks */,
				6876B5141B39312100DA6A50 /* Resources */,
			);
			buildRules = (
			);
			dependencies = (
				6876B5181B39312100DA6A50 /* PBXTargetDependency */,
			);
			name = OperationQueuesTests;
			productName = OperationQueuesTests;
			productReference = 6876B5161B39312100DA6A50 /* OperationQueuesTests.xctest */;
			productType = "com.apple.product-type.bundle.unit-test";
		};
/* End PBXNativeTarget section */

/* Begin PBXProject section */
		6876B4FE1B39312100DA6A50 /* Project object */ = {
			isa = PBXProject;
			attributes = {
				LastUpgradeCheck = 0640;
				ORGANIZATIONNAME = "Secret Lab";
				TargetAttributes = {
					6876B5051B39312100DA6A50 = {
						CreatedOnToolsVersion = 6.4;
					};
					6876B5151B39312100DA6A50 = {
						CreatedOnToolsVersion = 6.4;
						TestTargetID = 6876B5051B39312100DA6A50;
					};
				};
			};
			buildConfigurationList = 6876B5011B39312100DA6A50 /* Build configuration list for PBXProject "OperationQueues" */;
			compatibilityVersion = "Xcode 3.2";
			developmentRegion = English;
			hasScannedForEncodings = 0;
			knownRegions = (
				en,
				Base,
			);
			mainGroup = 6876B4FD1B39312100DA6A50;
			productRefGroup = 6876B5071B39312100DA6A50 /* Products */;
			projectDirPath = "";
			projectRoot = "";
			targets = (
				6876B5051B39312100DA6A50 /* OperationQueues */,
				6876B5151B39312100DA6A50 /* OperationQueuesTests */,
			);
		};
/* End PBXProject section */

/* Begin PBXResourcesBuildPhase section */
		6876B5041B39312100DA6A50 /* Resources */ = {
			isa = PBXResourcesBuildPhase;
			buildActionMask = 2147483647;
			files = (
				6876B50E1B39312100DA6A50 /* Images.xcassets in Resources */,
				6876B5111B39312100DA6A50 /* MainMenu.xib in Resources */,
			);
			runOnlyForDeploymentPostprocessing = 0;
		};
		6876B5141B39312100DA6A50 /* Resources */ = {
			isa = PBXResourcesBuildPhase;
			buildActionMask = 2147483647;
			files = (
			);
			runOnlyForDeploymentPostprocessing = 0;
		};
/* End PBXResourcesBuildPhase section */

/* Begin PBXSourcesBuildPhase section */
		6876B5021B39312100DA6A50 /* Sources */ = {
			isa = PBXSourcesBuildPhase;
			buildActionMask = 2147483647;
			files = (
				6876B50C1B39312100DA6A50 /* AppDelegate.swift in Sources */,
			);
			runOnlyForDeploymentPostprocessing = 0;
		};
		6876B5121B39312100DA6A50 /* Sources */ = {
			isa = PBXSourcesBuildPhase;
			buildActionMask = 2147483647;
			files = (
				6876B51D1B39312100DA6A50 /* OperationQueuesTests.swift in Sources */,
			);
			runOnlyForDeploymentPostprocessing = 0;
		};
/* End PBXSourcesBuildPhase section */

/* Begin PBXTargetDependency section */
		6876B5181B39312100DA6A50 /* PBXTargetDependency */ = {
			isa = PBXTargetDependency;
			target = 6876B5051B39312100DA6A50 /* OperationQueues */;
			targetProxy = 6876B5171B39312100DA6A50 /* PBXContainerItemProxy */;
		};
/* End PBXTargetDependency section */

/* Begin PBXVariantGroup section */
		6876B50F1B39312100DA6A50 /* MainMenu.xib */ = {
			isa = PBXVariantGroup;
			children = (
				6876B5101B39312100DA6A50 /* Base */,
			);
			name = MainMenu.xib;
			sourceTree = "<group>";
		};
/* End PBXVariantGroup section */

/* Begin XCBuildConfiguration section */
		6876B51E1B39312100DA6A50 /* Debug */ = {
			isa = XCBuildConfiguration;
			buildSettings = {
				ALWAYS_SEARCH_USER_PATHS = NO;
				CLANG_CXX_LANGUAGE_STANDARD = "gnu++0x";
				CLANG_CXX_LIBRARY = "libc++";
				CLANG_ENABLE_MODULES = YES;
				CLANG_ENABLE_OBJC_ARC = YES;
				CLANG_WARN_BOOL_CONVERSION = YES;
				CLANG_WARN_CONSTANT_CONVERSION = YES;
				CLANG_WARN_DIRECT_OBJC_ISA_USAGE = YES_ERROR;
				CLANG_WARN_EMPTY_BODY = YES;
				CLANG_WARN_ENUM_CONVERSION = YES;
				CLANG_WARN_INT_CONVERSION = YES;
				CLANG_WARN_OBJC_ROOT_CLASS = YES_ERROR;
				CLANG_WARN_UNREACHABLE_CODE = YES;
				CLANG_WARN__DUPLICATE_METHOD_MATCH = YES;
				CODE_SIGN_IDENTITY = "-";
				COPY_PHASE_STRIP = NO;
				DEBUG_INFORMATION_FORMAT = dwarf;
				ENABLE_STRICT_OBJC_MSGSEND = YES;
				GCC_C_LANGUAGE_STANDARD = gnu99;
				GCC_DYNAMIC_NO_PIC = NO;
				GCC_NO_COMMON_BLOCKS = YES;
				GCC_OPTIMIZATION_LEVEL = 0;
				GCC_PREPROCESSOR_DEFINITIONS = (
					"DEBUG=1",
					"$(inherited)",
				);
				GCC_SYMBOLS_PRIVATE_EXTERN = NO;
				GCC_WARN_64_TO_32_BIT_CONVERSION = YES;
				GCC_WARN_ABOUT_RETURN_TYPE = YES_ERROR;
				GCC_WARN_UNDECLARED_SELECTOR = YES;
				GCC_WARN_UNINITIALIZED_AUTOS = YES_AGGRESSIVE;
				GCC_WARN_UNUSED_FUNCTION = YES;
				GCC_WARN_UNUSED_VARIABLE = YES;
				MACOSX_DEPLOYMENT_TARGET = 10.10;
				MTL_ENABLE_DEBUG_INFO = YES;
				ONLY_ACTIVE_ARCH = YES;
				SDKROOT = macosx;
				SWIFT_OPTIMIZATION_LEVEL = "-Onone";
			};
			name = Debug;
		};
		6876B51F1B39312100DA6A50 /* Release */ = {
			isa = XCBuildConfiguration;
			buildSettings = {
				ALWAYS_SEARCH_USER_PATHS = NO;
				CLANG_CXX_LANGUAGE_STANDARD = "gnu++0x";
				CLANG_CXX_LIBRARY = "libc++";
				CLANG_ENABLE_MODULES = YES;
				CLANG_ENABLE_OBJC_ARC = YES;
				CLANG_WARN_BOOL_CONVERSION = YES;
				CLANG_WARN_CONSTANT_CONVERSION = YES;
				CLANG_WARN_DIRECT_OBJC_ISA_USAGE = YES_ERROR;
				CLANG_WARN_EMPTY_BODY = YES;
				CLANG_WARN_ENUM_CONVERSION = YES;
				CLANG_WARN_INT_CONVERSION = YES;
				CLANG_WARN_OBJC_ROOT_CLASS = YES_ERROR;
				CLANG_WARN_UNREACHABLE_CODE = YES;
				CLANG_WARN__DUPLICATE_METHOD_MATCH = YES;
				CODE_SIGN_IDENTITY = "-";
				COPY_PHASE_STRIP = NO;
				DEBUG_INFORMATION_FORMAT = "dwarf-with-dsym";
				ENABLE_NS_ASSERTIONS = NO;
				ENABLE_STRICT_OBJC_MSGSEND = YES;
				GCC_C_LANGUAGE_STANDARD = gnu99;
				GCC_NO_COMMON_BLOCKS = YES;
				GCC_WARN_64_TO_32_BIT_CONVERSION = YES;
				GCC_WARN_ABOUT_RETURN_TYPE = YES_ERROR;
				GCC_WARN_UNDECLARED_SELECTOR = YES;
				GCC_WARN_UNINITIALIZED_AUTOS = YES_AGGRESSIVE;
				GCC_WARN_UNUSED_FUNCTION = YES;
				GCC_WARN_UNUSED_VARIABLE = YES;
				MACOSX_DEPLOYMENT_TARGET = 10.10;
				MTL_ENABLE_DEBUG_INFO = NO;
				SDKROOT = macosx;
			};
			name = Release;
		};
		6876B5211B39312100DA6A50 /* Debug */ = {
			isa = XCBuildConfiguration;
			buildSettings = {
				ASSETCATALOG_COMPILER_APPICON_NAME = AppIcon;
				COMBINE_HIDPI_IMAGES = YES;
				INFOPLIST_FILE = OperationQueues/Info.plist;
				LD_RUNPATH_SEARCH_PATHS = "$(inherited) @executable_path/../Frameworks";
				PRODUCT_NAME = "$(TARGET_NAME)";
			};
			name = Debug;
		};
		6876B5221B39312100DA6A50 /* Release */ = {
			isa = XCBuildConfiguration;
			buildSettings = {
				ASSETCATALOG_COMPILER_APPICON_NAME = AppIcon;
				COMBINE_HIDPI_IMAGES = YES;
				INFOPLIST_FILE = OperationQueues/Info.plist;
				LD_RUNPATH_SEARCH_PATHS = "$(inherited) @executable_path/../Frameworks";
				PRODUCT_NAME = "$(TARGET_NAME)";
			};
			name = Release;
		};
		6876B5241B39312100DA6A50 /* Debug */ = {
			isa = XCBuildConfiguration;
			buildSettings = {
				BUNDLE_LOADER = "$(TEST_HOST)";
				COMBINE_HIDPI_IMAGES = YES;
				FRAMEWORK_SEARCH_PATHS = (
					"$(DEVELOPER_FRAMEWORKS_DIR)",
					"$(inherited)",
				);
				GCC_PREPROCESSOR_DEFINITIONS = (
					"DEBUG=1",
					"$(inherited)",
				);
				INFOPLIST_FILE = OperationQueuesTests/Info.plist;
				LD_RUNPATH_SEARCH_PATHS = "$(inherited) @executable_path/../Frameworks @loader_path/../Frameworks";
				PRODUCT_NAME = "$(TARGET_NAME)";
				TEST_HOST = "$(BUILT_PRODUCTS_DIR)/OperationQueues.app/Contents/MacOS/OperationQueues";
			};
			name = Debug;
		};
		6876B5251B39312100DA6A50 /* Release */ = {
			isa = XCBuildConfiguration;
			buildSettings = {
				BUNDLE_LOADER = "$(TEST_HOST)";
				COMBINE_HIDPI_IMAGES = YES;
				FRAMEWORK_SEARCH_PATHS = (
					"$(DEVELOPER_FRAMEWORKS_DIR)",
					"$(inherited)",
				);
				INFOPLIST_FILE = OperationQueuesTests/Info.plist;
				LD_RUNPATH_SEARCH_PATHS = "$(inherited) @executable_path/../Frameworks @loader_path/../Frameworks";
				PRODUCT_NAME = "$(TARGET_NAME)";
				TEST_HOST = "$(BUILT_PRODUCTS_DIR)/OperationQueues.app/Contents/MacOS/OperationQueues";
			};
			name = Release;
		};
/* End XCBuildConfiguration section */

/* Begin XCConfigurationList section */
		6876B5011B39312100DA6A50 /* Build configuration list for PBXProject "OperationQueues" */ = {
			isa = XCConfigurationList;
			buildConfigurations = (
				6876B51E1B39312100DA6A50 /* Debug */,
				6876B51F1B39312100DA6A50 /* Release */,
			);
			defaultConfigurationIsVisible = 0;
			defaultConfigurationName = Release;
		};
		6876B5201B39312100DA6A50 /* Build configuration list for PBXNativeTarget "OperationQueues" */ = {
			isa = XCConfigurationList;
			buildConfigurations = (
				6876B5211B39312100DA6A50 /* Debug */,
				6876B5221B39312100DA6A50 /* Release */,
			);
			defaultConfigurationIsVisible = 0;
		};
		6876B5231B39312100DA6A50 /* Build configuration list for PBXNativeTarget "OperationQueuesTests" */ = {
			isa = XCConfigurationList;
			buildConfigurations = (
				6876B5241B39312100DA6A50 /* Debug */,
				6876B5251B39312100DA6A50 /* Release */,
			);
			defaultConfigurationIsVisible = 0;
		};
/* End XCConfigurationList section */
	};
	rootObject = 6876B4FE1B39312100DA6A50 /* Project object */;
}
