// !$*UTF8*$!
{
	archiveVersion = 1;
	classes = {
	};
	objectVersion = 46;
	objects = {

/* Begin PBXBuildFile section */
		683F89191B5DA0DB00E5B61D /* AppDelegate.swift in Sources */ = {isa = PBXBuildFile; fileRef = 683F89181B5DA0DB00E5B61D /* AppDelegate.swift */; };
		683F891B1B5DA0DB00E5B61D /* ViewController.swift in Sources */ = {isa = PBXBuildFile; fileRef = 683F891A1B5DA0DB00E5B61D /* ViewController.swift */; };
		683F891E1B5DA0DB00E5B61D /* Main.storyboard in Resources */ = {isa = PBXBuildFile; fileRef = 683F891C1B5DA0DB00E5B61D /* Main.storyboard */; };
		683F89201B5DA0DB00E5B61D /* Images.xcassets in Resources */ = {isa = PBXBuildFile; fileRef = 683F891F1B5DA0DB00E5B61D /* Images.xcassets */; };
		683F89231B5DA0DB00E5B61D /* LaunchScreen.xib in Resources */ = {isa = PBXBuildFile; fileRef = 683F89211B5DA0DB00E5B61D /* LaunchScreen.xib */; };
		683F892F1B5DA0DB00E5B61D /* oscon2015ToolTests.swift in Sources */ = {isa = PBXBuildFile; fileRef = 683F892E1B5DA0DB00E5B61D /* oscon2015ToolTests.swift */; };
		683F893A1B5DB76200E5B61D /* MyObjectiveCFile.m in Sources */ = {isa = PBXBuildFile; fileRef = 683F89391B5DB76200E5B61D /* MyObjectiveCFile.m */; };
/* End PBXBuildFile section */

/* Begin PBXContainerItemProxy section */
		683F89291B5DA0DB00E5B61D /* PBXContainerItemProxy */ = {
			isa = PBXContainerItemProxy;
			containerPortal = 683F890B1B5DA0DA00E5B61D /* Project object */;
			proxyType = 1;
			remoteGlobalIDString = 683F89121B5DA0DA00E5B61D;
			remoteInfo = oscon2015Tool;
		};
/* End PBXContainerItemProxy section */

/* Begin PBXFileReference section */
		683F89131B5DA0DA00E5B61D /* oscon2015Tool.app */ = {isa = PBXFileReference; explicitFileType = wrapper.application; includeInIndex = 0; path = oscon2015Tool.app; sourceTree = BUILT_PRODUCTS_DIR; };
		683F89171B5DA0DB00E5B61D /* Info.plist */ = {isa = PBXFileReference; lastKnownFileType = text.plist.xml; path = Info.plist; sourceTree = "<group>"; };
		683F89181B5DA0DB00E5B61D /* AppDelegate.swift */ = {isa = PBXFileReference; lastKnownFileType = sourcecode.swift; path = AppDelegate.swift; sourceTree = "<group>"; };
		683F891A1B5DA0DB00E5B61D /* ViewController.swift */ = {isa = PBXFileReference; lastKnownFileType = sourcecode.swift; path = ViewController.swift; sourceTree = "<group>"; };
		683F891D1B5DA0DB00E5B61D /* Base */ = {isa = PBXFileReference; lastKnownFileType = file.storyboard; name = Base; path = Base.lproj/Main.storyboard; sourceTree = "<group>"; };
		683F891F1B5DA0DB00E5B61D /* Images.xcassets */ = {isa = PBXFileReference; lastKnownFileType = folder.assetcatalog; path = Images.xcassets; sourceTree = "<group>"; };
		683F89221B5DA0DB00E5B61D /* Base */ = {isa = PBXFileReference; lastKnownFileType = file.xib; name = Base; path = Base.lproj/LaunchScreen.xib; sourceTree = "<group>"; };
		683F89281B5DA0DB00E5B61D /* oscon2015ToolTests.xctest */ = {isa = PBXFileReference; explicitFileType = wrapper.cfbundle; includeInIndex = 0; path = oscon2015ToolTests.xctest; sourceTree = BUILT_PRODUCTS_DIR; };
		683F892D1B5DA0DB00E5B61D /* Info.plist */ = {isa = PBXFileReference; lastKnownFileType = text.plist.xml; path = Info.plist; sourceTree = "<group>"; };
		683F892E1B5DA0DB00E5B61D /* oscon2015ToolTests.swift */ = {isa = PBXFileReference; lastKnownFileType = sourcecode.swift; path = oscon2015ToolTests.swift; sourceTree = "<group>"; };
		683F89381B5DB76200E5B61D /* oscon2015Tool-Bridging-Header.h */ = {isa = PBXFileReference; lastKnownFileType = sourcecode.c.h; path = "oscon2015Tool-Bridging-Header.h"; sourceTree = "<group>"; };
		683F89391B5DB76200E5B61D /* MyObjectiveCFile.m */ = {isa = PBXFileReference; fileEncoding = 4; lastKnownFileType = sourcecode.c.objc; path = MyObjectiveCFile.m; sourceTree = "<group>"; };
		683F893B1B5DB79100E5B61D /* MyObjectiveC.h */ = {isa = PBXFileReference; lastKnownFileType = sourcecode.c.h; path = MyObjectiveC.h; sourceTree = "<group>"; };
/* End PBXFileReference section */

/* Begin PBXFrameworksBuildPhase section */
		683F89101B5DA0DA00E5B61D /* Frameworks */ = {
			isa = PBXFrameworksBuildPhase;
			buildActionMask = 2147483647;
			files = (
			);
			runOnlyForDeploymentPostprocessing = 0;
		};
		683F89251B5DA0DB00E5B61D /* Frameworks */ = {
			isa = PBXFrameworksBuildPhase;
			buildActionMask = 2147483647;
			files = (
			);
			runOnlyForDeploymentPostprocessing = 0;
		};
/* End PBXFrameworksBuildPhase section */

/* Begin PBXGroup section */
		683F890A1B5DA0DA00E5B61D = {
			isa = PBXGroup;
			children = (
				683F89151B5DA0DA00E5B61D /* oscon2015Tool */,
				683F892B1B5DA0DB00E5B61D /* oscon2015ToolTests */,
				683F89141B5DA0DA00E5B61D /* Products */,
			);
			sourceTree = "<group>";
		};
		683F89141B5DA0DA00E5B61D /* Products */ = {
			isa = PBXGroup;
			children = (
				683F89131B5DA0DA00E5B61D /* oscon2015Tool.app */,
				683F89281B5DA0DB00E5B61D /* oscon2015ToolTests.xctest */,
			);
			name = Products;
			sourceTree = "<group>";
		};
		683F89151B5DA0DA00E5B61D /* oscon2015Tool */ = {
			isa = PBXGroup;
			children = (
				683F89181B5DA0DB00E5B61D /* AppDelegate.swift */,
				683F891A1B5DA0DB00E5B61D /* ViewController.swift */,
				683F891C1B5DA0DB00E5B61D /* Main.storyboard */,
				683F891F1B5DA0DB00E5B61D /* Images.xcassets */,
				683F89211B5DA0DB00E5B61D /* LaunchScreen.xib */,
				683F89161B5DA0DB00E5B61D /* Supporting Files */,
				683F89391B5DB76200E5B61D /* MyObjectiveCFile.m */,
				683F893B1B5DB79100E5B61D /* MyObjectiveC.h */,
				683F89381B5DB76200E5B61D /* oscon2015Tool-Bridging-Header.h */,
			);
			path = oscon2015Tool;
			sourceTree = "<group>";
		};
		683F89161B5DA0DB00E5B61D /* Supporting Files */ = {
			isa = PBXGroup;
			children = (
				683F89171B5DA0DB00E5B61D /* Info.plist */,
			);
			name = "Supporting Files";
			sourceTree = "<group>";
		};
		683F892B1B5DA0DB00E5B61D /* oscon2015ToolTests */ = {
			isa = PBXGroup;
			children = (
				683F892E1B5DA0DB00E5B61D /* oscon2015ToolTests.swift */,
				683F892C1B5DA0DB00E5B61D /* Supporting Files */,
			);
			path = oscon2015ToolTests;
			sourceTree = "<group>";
		};
		683F892C1B5DA0DB00E5B61D /* Supporting Files */ = {
			isa = PBXGroup;
			children = (
				683F892D1B5DA0DB00E5B61D /* Info.plist */,
			);
			name = "Supporting Files";
			sourceTree = "<group>";
		};
/* End PBXGroup section */

/* Begin PBXNativeTarget section */
		683F89121B5DA0DA00E5B61D /* oscon2015Tool */ = {
			isa = PBXNativeTarget;
			buildConfigurationList = 683F89321B5DA0DB00E5B61D /* Build configuration list for PBXNativeTarget "oscon2015Tool" */;
			buildPhases = (
				683F890F1B5DA0DA00E5B61D /* Sources */,
				683F89101B5DA0DA00E5B61D /* Frameworks */,
				683F89111B5DA0DA00E5B61D /* Resources */,
			);
			buildRules = (
			);
			dependencies = (
			);
			name = oscon2015Tool;
			productName = oscon2015Tool;
			productReference = 683F89131B5DA0DA00E5B61D /* oscon2015Tool.app */;
			productType = "com.apple.product-type.application";
		};
		683F89271B5DA0DB00E5B61D /* oscon2015ToolTests */ = {
			isa = PBXNativeTarget;
			buildConfigurationList = 683F89351B5DA0DB00E5B61D /* Build configuration list for PBXNativeTarget "oscon2015ToolTests" */;
			buildPhases = (
				683F89241B5DA0DB00E5B61D /* Sources */,
				683F89251B5DA0DB00E5B61D /* Frameworks */,
				683F89261B5DA0DB00E5B61D /* Resources */,
			);
			buildRules = (
			);
			dependencies = (
				683F892A1B5DA0DB00E5B61D /* PBXTargetDependency */,
			);
			name = oscon2015ToolTests;
			productName = oscon2015ToolTests;
			productReference = 683F89281B5DA0DB00E5B61D /* oscon2015ToolTests.xctest */;
			productType = "com.apple.product-type.bundle.unit-test";
		};
/* End PBXNativeTarget section */

/* Begin PBXProject section */
		683F890B1B5DA0DA00E5B61D /* Project object */ = {
			isa = PBXProject;
			attributes = {
				LastUpgradeCheck = 0640;
				ORGANIZATIONNAME = "Secret Lab";
				TargetAttributes = {
					683F89121B5DA0DA00E5B61D = {
						CreatedOnToolsVersion = 6.4;
					};
					683F89271B5DA0DB00E5B61D = {
						CreatedOnToolsVersion = 6.4;
						TestTargetID = 683F89121B5DA0DA00E5B61D;
					};
				};
			};
			buildConfigurationList = 683F890E1B5DA0DA00E5B61D /* Build configuration list for PBXProject "oscon2015Tool" */;
			compatibilityVersion = "Xcode 3.2";
			developmentRegion = English;
			hasScannedForEncodings = 0;
			knownRegions = (
				en,
				Base,
			);
			mainGroup = 683F890A1B5DA0DA00E5B61D;
			productRefGroup = 683F89141B5DA0DA00E5B61D /* Products */;
			projectDirPath = "";
			projectRoot = "";
			targets = (
				683F89121B5DA0DA00E5B61D /* oscon2015Tool */,
				683F89271B5DA0DB00E5B61D /* oscon2015ToolTests */,
			);
		};
/* End PBXProject section */

/* Begin PBXResourcesBuildPhase section */
		683F89111B5DA0DA00E5B61D /* Resources */ = {
			isa = PBXResourcesBuildPhase;
			buildActionMask = 2147483647;
			files = (
				683F891E1B5DA0DB00E5B61D /* Main.storyboard in Resources */,
				683F89231B5DA0DB00E5B61D /* LaunchScreen.xib in Resources */,
				683F89201B5DA0DB00E5B61D /* Images.xcassets in Resources */,
			);
			runOnlyForDeploymentPostprocessing = 0;
		};
		683F89261B5DA0DB00E5B61D /* Resources */ = {
			isa = PBXResourcesBuildPhase;
			buildActionMask = 2147483647;
			files = (
			);
			runOnlyForDeploymentPostprocessing = 0;
		};
/* End PBXResourcesBuildPhase section */

/* Begin PBXSourcesBuildPhase section */
		683F890F1B5DA0DA00E5B61D /* Sources */ = {
			isa = PBXSourcesBuildPhase;
			buildActionMask = 2147483647;
			files = (
				683F891B1B5DA0DB00E5B61D /* ViewController.swift in Sources */,
				683F89191B5DA0DB00E5B61D /* AppDelegate.swift in Sources */,
				683F893A1B5DB76200E5B61D /* MyObjectiveCFile.m in Sources */,
			);
			runOnlyForDeploymentPostprocessing = 0;
		};
		683F89241B5DA0DB00E5B61D /* Sources */ = {
			isa = PBXSourcesBuildPhase;
			buildActionMask = 2147483647;
			files = (
				683F892F1B5DA0DB00E5B61D /* oscon2015ToolTests.swift in Sources */,
			);
			runOnlyForDeploymentPostprocessing = 0;
		};
/* End PBXSourcesBuildPhase section */

/* Begin PBXTargetDependency section */
		683F892A1B5DA0DB00E5B61D /* PBXTargetDependency */ = {
			isa = PBXTargetDependency;
			target = 683F89121B5DA0DA00E5B61D /* oscon2015Tool */;
			targetProxy = 683F89291B5DA0DB00E5B61D /* PBXContainerItemProxy */;
		};
/* End PBXTargetDependency section */

/* Begin PBXVariantGroup section */
		683F891C1B5DA0DB00E5B61D /* Main.storyboard */ = {
			isa = PBXVariantGroup;
			children = (
				683F891D1B5DA0DB00E5B61D /* Base */,
			);
			name = Main.storyboard;
			sourceTree = "<group>";
		};
		683F89211B5DA0DB00E5B61D /* LaunchScreen.xib */ = {
			isa = PBXVariantGroup;
			children = (
				683F89221B5DA0DB00E5B61D /* Base */,
			);
			name = LaunchScreen.xib;
			sourceTree = "<group>";
		};
/* End PBXVariantGroup section */

/* Begin XCBuildConfiguration section */
		683F89301B5DA0DB00E5B61D /* Debug */ = {
			isa = XCBuildConfiguration;
			buildSettings = {
				ALWAYS_SEARCH_USER_PATHS = NO;
				CLANG_CXX_LANGUAGE_STANDARD = "gnu++0x";
				CLANG_CXX_LIBRARY = "libc++";
				CLANG_ENABLE_MODULES = YES;
				CLANG_ENABLE_OBJC_ARC = YES;
				CLANG_WARN_BOOL_CONVERSION = YES;
				CLANG_WARN_CONSTANT_CONVERSION = YES;
				CLANG_WARN_DIRECT_OBJC_ISA_USAGE = YES_ERROR;
				CLANG_WARN_EMPTY_BODY = YES;
				CLANG_WARN_ENUM_CONVERSION = YES;
				CLANG_WARN_INT_CONVERSION = YES;
				CLANG_WARN_OBJC_ROOT_CLASS = YES_ERROR;
				CLANG_WARN_UNREACHABLE_CODE = YES;
				CLANG_WARN__DUPLICATE_METHOD_MATCH = YES;
				"CODE_SIGN_IDENTITY[sdk=iphoneos*]" = "iPhone Developer";
				COPY_PHASE_STRIP = NO;
				DEBUG_INFORMATION_FORMAT = "dwarf-with-dsym";
				ENABLE_STRICT_OBJC_MSGSEND = YES;
				GCC_C_LANGUAGE_STANDARD = gnu99;
				GCC_DYNAMIC_NO_PIC = NO;
				GCC_NO_COMMON_BLOCKS = YES;
				GCC_OPTIMIZATION_LEVEL = 0;
				GCC_PREPROCESSOR_DEFINITIONS = (
					"DEBUG=1",
					"$(inherited)",
				);
				GCC_SYMBOLS_PRIVATE_EXTERN = NO;
				GCC_WARN_64_TO_32_BIT_CONVERSION = YES;
				GCC_WARN_ABOUT_RETURN_TYPE = YES_ERROR;
				GCC_WARN_UNDECLARED_SELECTOR = YES;
				GCC_WARN_UNINITIALIZED_AUTOS = YES_AGGRESSIVE;
				GCC_WARN_UNUSED_FUNCTION = YES;
				GCC_WARN_UNUSED_VARIABLE = YES;
				IPHONEOS_DEPLOYMENT_TARGET = 8.4;
				MTL_ENABLE_DEBUG_INFO = YES;
				ONLY_ACTIVE_ARCH = YES;
				SDKROOT = iphoneos;
				SWIFT_OPTIMIZATION_LEVEL = "-Onone";
			};
			name = Debug;
		};
		683F89311B5DA0DB00E5B61D /* Release */ = {
			isa = XCBuildConfiguration;
			buildSettings = {
				ALWAYS_SEARCH_USER_PATHS = NO;
				CLANG_CXX_LANGUAGE_STANDARD = "gnu++0x";
				CLANG_CXX_LIBRARY = "libc++";
				CLANG_ENABLE_MODULES = YES;
				CLANG_ENABLE_OBJC_ARC = YES;
				CLANG_WARN_BOOL_CONVERSION = YES;
				CLANG_WARN_CONSTANT_CONVERSION = YES;
				CLANG_WARN_DIRECT_OBJC_ISA_USAGE = YES_ERROR;
				CLANG_WARN_EMPTY_BODY = YES;
				CLANG_WARN_ENUM_CONVERSION = YES;
				CLANG_WARN_INT_CONVERSION = YES;
				CLANG_WARN_OBJC_ROOT_CLASS = YES_ERROR;
				CLANG_WARN_UNREACHABLE_CODE = YES;
				CLANG_WARN__DUPLICATE_METHOD_MATCH = YES;
				"CODE_SIGN_IDENTITY[sdk=iphoneos*]" = "iPhone Developer";
				COPY_PHASE_STRIP = NO;
				DEBUG_INFORMATION_FORMAT = "dwarf-with-dsym";
				ENABLE_NS_ASSERTIONS = NO;
				ENABLE_STRICT_OBJC_MSGSEND = YES;
				GCC_C_LANGUAGE_STANDARD = gnu99;
				GCC_NO_COMMON_BLOCKS = YES;
				GCC_WARN_64_TO_32_BIT_CONVERSION = YES;
				GCC_WARN_ABOUT_RETURN_TYPE = YES_ERROR;
				GCC_WARN_UNDECLARED_SELECTOR = YES;
				GCC_WARN_UNINITIALIZED_AUTOS = YES_AGGRESSIVE;
				GCC_WARN_UNUSED_FUNCTION = YES;
				GCC_WARN_UNUSED_VARIABLE = YES;
				IPHONEOS_DEPLOYMENT_TARGET = 8.4;
				MTL_ENABLE_DEBUG_INFO = NO;
				SDKROOT = iphoneos;
				VALIDATE_PRODUCT = YES;
			};
			name = Release;
		};
		683F89331B5DA0DB00E5B61D /* Debug */ = {
			isa = XCBuildConfiguration;
			buildSettings = {
				ASSETCATALOG_COMPILER_APPICON_NAME = AppIcon;
				CLANG_ENABLE_MODULES = YES;
				INFOPLIST_FILE = oscon2015Tool/Info.plist;
				LD_RUNPATH_SEARCH_PATHS = "$(inherited) @executable_path/Frameworks";
				PRODUCT_NAME = "$(TARGET_NAME)";
				SWIFT_OBJC_BRIDGING_HEADER = "oscon2015Tool/oscon2015Tool-Bridging-Header.h";
				SWIFT_OPTIMIZATION_LEVEL = "-Onone";
			};
			name = Debug;
		};
		683F89341B5DA0DB00E5B61D /* Release */ = {
			isa = XCBuildConfiguration;
			buildSettings = {
				ASSETCATALOG_COMPILER_APPICON_NAME = AppIcon;
				CLANG_ENABLE_MODULES = YES;
				INFOPLIST_FILE = oscon2015Tool/Info.plist;
				LD_RUNPATH_SEARCH_PATHS = "$(inherited) @executable_path/Frameworks";
				PRODUCT_NAME = "$(TARGET_NAME)";
				SWIFT_OBJC_BRIDGING_HEADER = "oscon2015Tool/oscon2015Tool-Bridging-Header.h";
			};
			name = Release;
		};
		683F89361B5DA0DB00E5B61D /* Debug */ = {
			isa = XCBuildConfiguration;
			buildSettings = {
				BUNDLE_LOADER = "$(TEST_HOST)";
				FRAMEWORK_SEARCH_PATHS = (
					"$(SDKROOT)/Developer/Library/Frameworks",
					"$(inherited)",
				);
				GCC_PREPROCESSOR_DEFINITIONS = (
					"DEBUG=1",
					"$(inherited)",
				);
				INFOPLIST_FILE = oscon2015ToolTests/Info.plist;
				LD_RUNPATH_SEARCH_PATHS = "$(inherited) @executable_path/Frameworks @loader_path/Frameworks";
				PRODUCT_NAME = "$(TARGET_NAME)";
				TEST_HOST = "$(BUILT_PRODUCTS_DIR)/oscon2015Tool.app/oscon2015Tool";
			};
			name = Debug;
		};
		683F89371B5DA0DB00E5B61D /* Release */ = {
			isa = XCBuildConfiguration;
			buildSettings = {
				BUNDLE_LOADER = "$(TEST_HOST)";
				FRAMEWORK_SEARCH_PATHS = (
					"$(SDKROOT)/Developer/Library/Frameworks",
					"$(inherited)",
				);
				INFOPLIST_FILE = oscon2015ToolTests/Info.plist;
				LD_RUNPATH_SEARCH_PATHS = "$(inherited) @executable_path/Frameworks @loader_path/Frameworks";
				PRODUCT_NAME = "$(TARGET_NAME)";
				TEST_HOST = "$(BUILT_PRODUCTS_DIR)/oscon2015Tool.app/oscon2015Tool";
			};
			name = Release;
		};
/* End XCBuildConfiguration section */

/* Begin XCConfigurationList section */
		683F890E1B5DA0DA00E5B61D /* Build configuration list for PBXProject "oscon2015Tool" */ = {
			isa = XCConfigurationList;
			buildConfigurations = (
				683F89301B5DA0DB00E5B61D /* Debug */,
				683F89311B5DA0DB00E5B61D /* Release */,
			);
			defaultConfigurationIsVisible = 0;
			defaultConfigurationName = Release;
		};
		683F89321B5DA0DB00E5B61D /* Build configuration list for PBXNativeTarget "oscon2015Tool" */ = {
			isa = XCConfigurationList;
			buildConfigurations = (
				683F89331B5DA0DB00E5B61D /* Debug */,
				683F89341B5DA0DB00E5B61D /* Release */,
			);
			defaultConfigurationIsVisible = 0;
		};
		683F89351B5DA0DB00E5B61D /* Build configuration list for PBXNativeTarget "oscon2015ToolTests" */ = {
			isa = XCConfigurationList;
			buildConfigurations = (
				683F89361B5DA0DB00E5B61D /* Debug */,
				683F89371B5DA0DB00E5B61D /* Release */,
			);
			defaultConfigurationIsVisible = 0;
		};
/* End XCConfigurationList section */
	};
	rootObject = 683F890B1B5DA0DA00E5B61D /* Project object */;
}
