// !$*UTF8*$!
{
	archiveVersion = 1;
	classes = {
	};
	objectVersion = 46;
	objects = {

/* Begin PBXBuildFile section */
		688963811B391E6A00304503 /* AppDelegate.swift in Sources */ = {isa = PBXBuildFile; fileRef = 688963801B391E6A00304503 /* AppDelegate.swift */; };
		688963831B391E6A00304503 /* ViewController.swift in Sources */ = {isa = PBXBuildFile; fileRef = 688963821B391E6A00304503 /* ViewController.swift */; };
		688963861B391E6A00304503 /* Main.storyboard in Resources */ = {isa = PBXBuildFile; fileRef = 688963841B391E6A00304503 /* Main.storyboard */; };
		688963881B391E6A00304503 /* Assets.xcassets in Resources */ = {isa = PBXBuildFile; fileRef = 688963871B391E6A00304503 /* Assets.xcassets */; };
		68E6A42B1B3924B900FFE4AB /* LaunchScreen.xib in Resources */ = {isa = PBXBuildFile; fileRef = 68E6A42A1B3924B900FFE4AB /* LaunchScreen.xib */; };
/* End PBXBuildFile section */

/* Begin PBXFileReference section */
		6889637D1B391E6A00304503 /* ImageDownloading.app */ = {isa = PBXFileReference; explicitFileType = wrapper.application; includeInIndex = 0; path = ImageDownloading.app; sourceTree = BUILT_PRODUCTS_DIR; };
		688963801B391E6A00304503 /* AppDelegate.swift */ = {isa = PBXFileReference; lastKnownFileType = sourcecode.swift; path = AppDelegate.swift; sourceTree = "<group>"; };
		688963821B391E6A00304503 /* ViewController.swift */ = {isa = PBXFileReference; lastKnownFileType = sourcecode.swift; path = ViewController.swift; sourceTree = "<group>"; };
		688963851B391E6A00304503 /* Base */ = {isa = PBXFileReference; lastKnownFileType = file.storyboard; name = Base; path = Base.lproj/Main.storyboard; sourceTree = "<group>"; };
		688963871B391E6A00304503 /* Assets.xcassets */ = {isa = PBXFileReference; lastKnownFileType = folder.assetcatalog; path = Assets.xcassets; sourceTree = "<group>"; };
		6889638C1B391E6A00304503 /* Info.plist */ = {isa = PBXFileReference; lastKnownFileType = text.plist.xml; path = Info.plist; sourceTree = "<group>"; };
		68E6A42A1B3924B900FFE4AB /* LaunchScreen.xib */ = {isa = PBXFileReference; fileEncoding = 4; lastKnownFileType = file.xib; path = LaunchScreen.xib; sourceTree = "<group>"; };
/* End PBXFileReference section */

/* Begin PBXFrameworksBuildPhase section */
		6889637A1B391E6A00304503 /* Frameworks */ = {
			isa = PBXFrameworksBuildPhase;
			buildActionMask = 2147483647;
			files = (
			);
			runOnlyForDeploymentPostprocessing = 0;
		};
/* End PBXFrameworksBuildPhase section */

/* Begin PBXGroup section */
		688963741B391E6A00304503 = {
			isa = PBXGroup;
			children = (
				6889637F1B391E6A00304503 /* ImageDownloading */,
				6889637E1B391E6A00304503 /* Products */,
			);
			sourceTree = "<group>";
		};
		6889637E1B391E6A00304503 /* Products */ = {
			isa = PBXGroup;
			children = (
				6889637D1B391E6A00304503 /* ImageDownloading.app */,
			);
			name = Products;
			sourceTree = "<group>";
		};
		6889637F1B391E6A00304503 /* ImageDownloading */ = {
			isa = PBXGroup;
			children = (
				688963801B391E6A00304503 /* AppDelegate.swift */,
				688963821B391E6A00304503 /* ViewController.swift */,
				688963841B391E6A00304503 /* Main.storyboard */,
				688963871B391E6A00304503 /* Assets.xcassets */,
				6889638C1B391E6A00304503 /* Info.plist */,
				68E6A42A1B3924B900FFE4AB /* LaunchScreen.xib */,
			);
			path = ImageDownloading;
			sourceTree = "<group>";
		};
/* End PBXGroup section */

/* Begin PBXNativeTarget section */
		6889637C1B391E6A00304503 /* ImageDownloading */ = {
			isa = PBXNativeTarget;
			buildConfigurationList = 6889638F1B391E6A00304503 /* Build configuration list for PBXNativeTarget "ImageDownloading" */;
			buildPhases = (
				688963791B391E6A00304503 /* Sources */,
				6889637A1B391E6A00304503 /* Frameworks */,
				6889637B1B391E6A00304503 /* Resources */,
			);
			buildRules = (
			);
			dependencies = (
			);
			name = ImageDownloading;
			productName = ImageDownloading;
			productReference = 6889637D1B391E6A00304503 /* ImageDownloading.app */;
			productType = "com.apple.product-type.application";
		};
/* End PBXNativeTarget section */

/* Begin PBXProject section */
		688963751B391E6A00304503 /* Project object */ = {
			isa = PBXProject;
			attributes = {
				LastUpgradeCheck = 0700;
				ORGANIZATIONNAME = "Secret Lab";
				TargetAttributes = {
					6889637C1B391E6A00304503 = {
						CreatedOnToolsVersion = 7.0;
					};
				};
			};
			buildConfigurationList = 688963781B391E6A00304503 /* Build configuration list for PBXProject "ImageDownloading" */;
			compatibilityVersion = "Xcode 3.2";
			developmentRegion = English;
			hasScannedForEncodings = 0;
			knownRegions = (
				en,
				Base,
			);
			mainGroup = 688963741B391E6A00304503;
			productRefGroup = 6889637E1B391E6A00304503 /* Products */;
			projectDirPath = "";
			projectRoot = "";
			targets = (
				6889637C1B391E6A00304503 /* ImageDownloading */,
			);
		};
/* End PBXProject section */

/* Begin PBXResourcesBuildPhase section */
		6889637B1B391E6A00304503 /* Resources */ = {
			isa = PBXResourcesBuildPhase;
			buildActionMask = 2147483647;
			files = (
				688963881B391E6A00304503 /* Assets.xcassets in Resources */,
				68E6A42B1B3924B900FFE4AB /* LaunchScreen.xib in Resources */,
				688963861B391E6A00304503 /* Main.storyboard in Resources */,
			);
			runOnlyForDeploymentPostprocessing = 0;
		};
/* End PBXResourcesBuildPhase section */

/* Begin PBXSourcesBuildPhase section */
		688963791B391E6A00304503 /* Sources */ = {
			isa = PBXSourcesBuildPhase;
			buildActionMask = 2147483647;
			files = (
				688963831B391E6A00304503 /* ViewController.swift in Sources */,
				688963811B391E6A00304503 /* AppDelegate.swift in Sources */,
			);
			runOnlyForDeploymentPostprocessing = 0;
		};
/* End PBXSourcesBuildPhase section */

/* Begin PBXVariantGroup section */
		688963841B391E6A00304503 /* Main.storyboard */ = {
			isa = PBXVariantGroup;
			children = (
				688963851B391E6A00304503 /* Base */,
			);
			name = Main.storyboard;
			sourceTree = "<group>";
		};
/* End PBXVariantGroup section */

/* Begin XCBuildConfiguration section */
		6889638D1B391E6A00304503 /* Debug */ = {
			isa = XCBuildConfiguration;
			buildSettings = {
				ALWAYS_SEARCH_USER_PATHS = NO;
				CLANG_CXX_LANGUAGE_STANDARD = "gnu++0x";
				CLANG_CXX_LIBRARY = "libc++";
				CLANG_ENABLE_MODULES = YES;
				CLANG_ENABLE_OBJC_ARC = YES;
				CLANG_WARN_BOOL_CONVERSION = YES;
				CLANG_WARN_CONSTANT_CONVERSION = YES;
				CLANG_WARN_DIRECT_OBJC_ISA_USAGE = YES_ERROR;
				CLANG_WARN_EMPTY_BODY = YES;
				CLANG_WARN_ENUM_CONVERSION = YES;
				CLANG_WARN_INT_CONVERSION = YES;
				CLANG_WARN_OBJC_ROOT_CLASS = YES_ERROR;
				CLANG_WARN_UNREACHABLE_CODE = YES;
				CLANG_WARN__DUPLICATE_METHOD_MATCH = YES;
				"CODE_SIGN_IDENTITY[sdk=iphoneos*]" = "iPhone Developer";
				COPY_PHASE_STRIP = NO;
				DEBUG_INFORMATION_FORMAT = dwarf;
				ENABLE_STRICT_OBJC_MSGSEND = YES;
				ENABLE_TESTABILITY = YES;
				GCC_C_LANGUAGE_STANDARD = gnu99;
				GCC_DYNAMIC_NO_PIC = NO;
				GCC_NO_COMMON_BLOCKS = YES;
				GCC_OPTIMIZATION_LEVEL = 0;
				GCC_PREPROCESSOR_DEFINITIONS = (
					"DEBUG=1",
					"$(inherited)",
				);
				GCC_WARN_64_TO_32_BIT_CONVERSION = YES;
				GCC_WARN_ABOUT_RETURN_TYPE = YES_ERROR;
				GCC_WARN_UNDECLARED_SELECTOR = YES;
				GCC_WARN_UNINITIALIZED_AUTOS = YES_AGGRESSIVE;
				GCC_WARN_UNUSED_FUNCTION = YES;
				GCC_WARN_UNUSED_VARIABLE = YES;
				IPHONEOS_DEPLOYMENT_TARGET = 9.0;
				MTL_ENABLE_DEBUG_INFO = YES;
				ONLY_ACTIVE_ARCH = YES;
				SDKROOT = iphoneos;
				SWIFT_OPTIMIZATION_LEVEL = "-Onone";
				TARGETED_DEVICE_FAMILY = "1,2";
			};
			name = Debug;
		};
		6889638E1B391E6A00304503 /* Release */ = {
			isa = XCBuildConfiguration;
			buildSettings = {
				ALWAYS_SEARCH_USER_PATHS = NO;
				CLANG_CXX_LANGUAGE_STANDARD = "gnu++0x";
				CLANG_CXX_LIBRARY = "libc++";
				CLANG_ENABLE_MODULES = YES;
				CLANG_ENABLE_OBJC_ARC = YES;
				CLANG_WARN_BOOL_CONVERSION = YES;
				CLANG_WARN_CONSTANT_CONVERSION = YES;
				CLANG_WARN_DIRECT_OBJC_ISA_USAGE = YES_ERROR;
				CLANG_WARN_EMPTY_BODY = YES;
				CLANG_WARN_ENUM_CONVERSION = YES;
				CLANG_WARN_INT_CONVERSION = YES;
				CLANG_WARN_OBJC_ROOT_CLASS = YES_ERROR;
				CLANG_WARN_UNREACHABLE_CODE = YES;
				CLANG_WARN__DUPLICATE_METHOD_MATCH = YES;
				"CODE_SIGN_IDENTITY[sdk=iphoneos*]" = "iPhone Developer";
				COPY_PHASE_STRIP = NO;
				DEBUG_INFORMATION_FORMAT = "dwarf-with-dsym";
				ENABLE_NS_ASSERTIONS = NO;
				ENABLE_STRICT_OBJC_MSGSEND = YES;
				GCC_C_LANGUAGE_STANDARD = gnu99;
				GCC_NO_COMMON_BLOCKS = YES;
				GCC_WARN_64_TO_32_BIT_CONVERSION = YES;
				GCC_WARN_ABOUT_RETURN_TYPE = YES_ERROR;
				GCC_WARN_UNDECLARED_SELECTOR = YES;
				GCC_WARN_UNINITIALIZED_AUTOS = YES_AGGRESSIVE;
				GCC_WARN_UNUSED_FUNCTION = YES;
				GCC_WARN_UNUSED_VARIABLE = YES;
				IPHONEOS_DEPLOYMENT_TARGET = 9.0;
				MTL_ENABLE_DEBUG_INFO = NO;
				SDKROOT = iphoneos;
				TARGETED_DEVICE_FAMILY = "1,2";
				VALIDATE_PRODUCT = YES;
			};
			name = Release;
		};
		688963901B391E6A00304503 /* Debug */ = {
			isa = XCBuildConfiguration;
			buildSettings = {
				ASSETCATALOG_COMPILER_APPICON_NAME = AppIcon;
				INFOPLIST_FILE = ImageDownloading/Info.plist;
				IPHONEOS_DEPLOYMENT_TARGET = 8.4;
				LD_RUNPATH_SEARCH_PATHS = "$(inherited) @executable_path/Frameworks";
				PRODUCT_BUNDLE_IDENTIFIER = au.com.secretlab.ImageDownloading;
				PRODUCT_NAME = "$(TARGET_NAME)";
			};
			name = Debug;
		};
		688963911B391E6A00304503 /* Release */ = {
			isa = XCBuildConfiguration;
			buildSettings = {
				ASSETCATALOG_COMPILER_APPICON_NAME = AppIcon;
				INFOPLIST_FILE = ImageDownloading/Info.plist;
				IPHONEOS_DEPLOYMENT_TARGET = 8.4;
				LD_RUNPATH_SEARCH_PATHS = "$(inherited) @executable_path/Frameworks";
				PRODUCT_BUNDLE_IDENTIFIER = au.com.secretlab.ImageDownloading;
				PRODUCT_NAME = "$(TARGET_NAME)";
			};
			name = Release;
		};
/* End XCBuildConfiguration section */

/* Begin XCConfigurationList section */
		688963781B391E6A00304503 /* Build configuration list for PBXProject "ImageDownloading" */ = {
			isa = XCConfigurationList;
			buildConfigurations = (
				6889638D1B391E6A00304503 /* Debug */,
				6889638E1B391E6A00304503 /* Release */,
			);
			defaultConfigurationIsVisible = 0;
			defaultConfigurationName = Release;
		};
		6889638F1B391E6A00304503 /* Build configuration list for PBXNativeTarget "ImageDownloading" */ = {
			isa = XCConfigurationList;
			buildConfigurations = (
				688963901B391E6A00304503 /* Debug */,
				688963911B391E6A00304503 /* Release */,
			);
			defaultConfigurationIsVisible = 0;
			defaultConfigurationName = Release;
		};
/* End XCConfigurationList section */
	};
	rootObject = 688963751B391E6A00304503 /* Project object */;
}
